// !$*UTF8*$!
{
	archiveVersion = 1;
	classes = {
	};
	objectVersion = 46;
	objects = {

/* Begin PBXBuildFile section */
		0765E140189968D800D64B2B /* TSFAppDelegateSpec.m in Sources */ = {isa = PBXBuildFile; fileRef = 0765E13F189968D800D64B2B /* TSFAppDelegateSpec.m */; };
		10E60C29E1EF4AFE963BD5CE /* libPods-Three Sixty FeedbackTests.a in Frameworks */ = {isa = PBXBuildFile; fileRef = 30296737650743E89942BB02 /* libPods-Three Sixty FeedbackTests.a */; };
		522662DC18BB6759001797EF /* TSFCompetenceViewControllerSpec.m in Sources */ = {isa = PBXBuildFile; fileRef = 522662DB18BB6759001797EF /* TSFCompetenceViewControllerSpec.m */; };
		5226DBCE18B748B100CCDAE4 /* TSFPasswordRequestViewController.m in Sources */ = {isa = PBXBuildFile; fileRef = 5226DBCD18B748B100CCDAE4 /* TSFPasswordRequestViewController.m */; };
		522DB4AB189FB6BA002EE50D /* TSFHomeViewController.m in Sources */ = {isa = PBXBuildFile; fileRef = 522DB4AA189FB6BA002EE50D /* TSFHomeViewController.m */; };
		522DB4AE189FB807002EE50D /* TSFHomeViewControllerSpec.m in Sources */ = {isa = PBXBuildFile; fileRef = 522DB4AD189FB807002EE50D /* TSFHomeViewControllerSpec.m */; };
		526B425C18B5002100DC1310 /* TSFLoginViewController.m in Sources */ = {isa = PBXBuildFile; fileRef = 526B425B18B5002100DC1310 /* TSFLoginViewController.m */; };
		526B426618B5069000DC1310 /* TSFSessionService.m in Sources */ = {isa = PBXBuildFile; fileRef = 526B426518B5069000DC1310 /* TSFSessionService.m */; };
		526B426918B506AC00DC1310 /* TSFSessionServiceSpec.m in Sources */ = {isa = PBXBuildFile; fileRef = 526B426818B506AC00DC1310 /* TSFSessionServiceSpec.m */; };
		527AF14D18B6113400604A3A /* TSFUser.m in Sources */ = {isa = PBXBuildFile; fileRef = 527AF14C18B6113400604A3A /* TSFUser.m */; };
		527AF15018B6114100604A3A /* TSFUserSpec.m in Sources */ = {isa = PBXBuildFile; fileRef = 527AF14F18B6114100604A3A /* TSFUserSpec.m */; };
		527AF15318B611AB00604A3A /* TSFUserMapper.m in Sources */ = {isa = PBXBuildFile; fileRef = 527AF15218B611AB00604A3A /* TSFUserMapper.m */; };
		527AF15618B611C100604A3A /* TSFUserMapperSpec.m in Sources */ = {isa = PBXBuildFile; fileRef = 527AF15518B611C100604A3A /* TSFUserMapperSpec.m */; };
		527AF15C18B62EE200604A3A /* TSFMainViewController.m in Sources */ = {isa = PBXBuildFile; fileRef = 527AF15B18B62EE200604A3A /* TSFMainViewController.m */; };
		527FD0B9189DA634003E1E96 /* UIColor+TSFColor.m in Sources */ = {isa = PBXBuildFile; fileRef = 527FD0B8189DA634003E1E96 /* UIColor+TSFColor.m */; };
		5290DBBE18BBA8EE0074AF78 /* TSFQuestionnaireCell.m in Sources */ = {isa = PBXBuildFile; fileRef = 5290DBBD18BBA8EE0074AF78 /* TSFQuestionnaireCell.m */; };
		5290DBC118BBACEF0074AF78 /* TSFQuestionnaireIntroViewControllerSpec.m in Sources */ = {isa = PBXBuildFile; fileRef = 5290DBC018BBACEF0074AF78 /* TSFQuestionnaireIntroViewControllerSpec.m */; };
		5290DBC418BBB3070074AF78 /* TSFAssessor.m in Sources */ = {isa = PBXBuildFile; fileRef = 5290DBC318BBB3070074AF78 /* TSFAssessor.m */; };
		5290DBC718BBB3200074AF78 /* TSFAssessorMapper.m in Sources */ = {isa = PBXBuildFile; fileRef = 5290DBC618BBB3200074AF78 /* TSFAssessorMapper.m */; };
		529269A218BCA16F0052813A /* TSFCompletedQuestionnairesViewControllerSpec.m in Sources */ = {isa = PBXBuildFile; fileRef = 529269A118BCA16F0052813A /* TSFCompletedQuestionnairesViewControllerSpec.m */; };
		5295BC4018BCFCAF0081A158 /* TSFAssessorMapperSpec.m in Sources */ = {isa = PBXBuildFile; fileRef = 5295BC3F18BCFCAF0081A158 /* TSFAssessorMapperSpec.m */; };
		5295BC4318BCFD590081A158 /* NSDate+StringParsing.m in Sources */ = {isa = PBXBuildFile; fileRef = 5295BC4218BCFD590081A158 /* NSDate+StringParsing.m */; };
		529B507F18BB55050089CC4A /* TSFPasswordRequestViewControllerSpec.m in Sources */ = {isa = PBXBuildFile; fileRef = 529B507E18BB55050089CC4A /* TSFPasswordRequestViewControllerSpec.m */; };
		529B508118BB55350089CC4A /* TSFMainViewControllerSpec.m in Sources */ = {isa = PBXBuildFile; fileRef = 529B508018BB55350089CC4A /* TSFMainViewControllerSpec.m */; };
		529F267618BB9E3C0088D0D2 /* TSFQuestionnairesTabBarController.m in Sources */ = {isa = PBXBuildFile; fileRef = 529F267518BB9E3C0088D0D2 /* TSFQuestionnairesTabBarController.m */; };
		529F267C18BB9E890088D0D2 /* TSFActiveQuestionnairesViewController.m in Sources */ = {isa = PBXBuildFile; fileRef = 529F267B18BB9E890088D0D2 /* TSFActiveQuestionnairesViewController.m */; };
		529F268218BB9EE00088D0D2 /* TSFActiveQuestionnairesViewControllerSpec.m in Sources */ = {isa = PBXBuildFile; fileRef = 529F268118BB9EE00088D0D2 /* TSFActiveQuestionnairesViewControllerSpec.m */; };
		529F268518BB9F100088D0D2 /* TSFQuestionnairesTabBarControllerSpec.m in Sources */ = {isa = PBXBuildFile; fileRef = 529F268418BB9F100088D0D2 /* TSFQuestionnairesTabBarControllerSpec.m */; };
		529F268818BB9F450088D0D2 /* TSFMenuViewControllerSpec.m in Sources */ = {isa = PBXBuildFile; fileRef = 529F268718BB9F450088D0D2 /* TSFMenuViewControllerSpec.m */; };
		529F268B18BB9F880088D0D2 /* TSFMenuViewController.m in Sources */ = {isa = PBXBuildFile; fileRef = 529F268A18BB9F880088D0D2 /* TSFMenuViewController.m */; };
		529F268E18BBA0310088D0D2 /* TSFMenuCell.m in Sources */ = {isa = PBXBuildFile; fileRef = 529F268D18BBA0310088D0D2 /* TSFMenuCell.m */; };
		52ACE468189EC07C0095F650 /* TSFQuestionnaireIntroViewController.m in Sources */ = {isa = PBXBuildFile; fileRef = 52ACE467189EC07C0095F650 /* TSFQuestionnaireIntroViewController.m */; };
		52ACE46E189EDC040095F650 /* TSFFinishQuestionnaireViewController.m in Sources */ = {isa = PBXBuildFile; fileRef = 52ACE46D189EDC040095F650 /* TSFFinishQuestionnaireViewController.m */; };
		52BD22C618ABFE1900D14390 /* TSFCommentaryCell.m in Sources */ = {isa = PBXBuildFile; fileRef = 52BD22C518ABFE1900D14390 /* TSFCommentaryCell.m */; };
		52BE6F4618BCA428000B2DC7 /* TSFCompletedQuestionnairesViewController.m in Sources */ = {isa = PBXBuildFile; fileRef = 52BE6F4518BCA428000B2DC7 /* TSFCompletedQuestionnairesViewController.m */; };
		52BE6F4C18BCB12B000B2DC7 /* TSFUserQuestionnaireTabBarControllerSpec.m in Sources */ = {isa = PBXBuildFile; fileRef = 52BE6F4B18BCB12B000B2DC7 /* TSFUserQuestionnaireTabBarControllerSpec.m */; };
		52BE6F4F18BCB157000B2DC7 /* TSFUserQuestionnaireTabBarController.m in Sources */ = {isa = PBXBuildFile; fileRef = 52BE6F4E18BCB157000B2DC7 /* TSFUserQuestionnaireTabBarController.m */; };
		52BE6F5218BCCA90000B2DC7 /* TSFUserQuestionnaireInfoViewController.m in Sources */ = {isa = PBXBuildFile; fileRef = 52BE6F5118BCCA90000B2DC7 /* TSFUserQuestionnaireInfoViewController.m */; };
		52BE6F5518BCCAA2000B2DC7 /* TSFUserQuestionnaireInfoViewControllerSpec.m in Sources */ = {isa = PBXBuildFile; fileRef = 52BE6F5418BCCAA2000B2DC7 /* TSFUserQuestionnaireInfoViewControllerSpec.m */; };
		52BE6F5818BCD9F1000B2DC7 /* TSFUserQuestionnaireAssessorsViewController.m in Sources */ = {isa = PBXBuildFile; fileRef = 52BE6F5718BCD9F1000B2DC7 /* TSFUserQuestionnaireAssessorsViewController.m */; };
		52BE6F5B18BCDA00000B2DC7 /* TSFUserQuestionnaireAssessorsViewControllerSpec.m in Sources */ = {isa = PBXBuildFile; fileRef = 52BE6F5A18BCDA00000B2DC7 /* TSFUserQuestionnaireAssessorsViewControllerSpec.m */; };
		52BE6F5E18BCDB89000B2DC7 /* TSFAssessorCell.m in Sources */ = {isa = PBXBuildFile; fileRef = 52BE6F5D18BCDB89000B2DC7 /* TSFAssessorCell.m */; };
		52BE6F6118BCE999000B2DC7 /* TSFUserQuestionnaireSplitViewController.m in Sources */ = {isa = PBXBuildFile; fileRef = 52BE6F6018BCE999000B2DC7 /* TSFUserQuestionnaireSplitViewController.m */; };
		52E80F4A189BE1D4007A8A48 /* TSFCompetenceTitleCell.m in Sources */ = {isa = PBXBuildFile; fileRef = 52E80F49189BE1D4007A8A48 /* TSFCompetenceTitleCell.m */; };
		52E80F4D189BE313007A8A48 /* TSFKeyBehaviourCell.m in Sources */ = {isa = PBXBuildFile; fileRef = 52E80F4C189BE313007A8A48 /* TSFKeyBehaviourCell.m */; };
		52E80F51189BE494007A8A48 /* TSFKeyBehaviourRatingView.m in Sources */ = {isa = PBXBuildFile; fileRef = 52E80F50189BE494007A8A48 /* TSFKeyBehaviourRatingView.m */; };
		52ECB6EB189FF403007C7636 /* TSFBaseViewController.m in Sources */ = {isa = PBXBuildFile; fileRef = 52ECB6EA189FF403007C7636 /* TSFBaseViewController.m */; };
		52ECB6F418A0E481007C7636 /* TSFQuestionnaireViewControllerSpec.m in Sources */ = {isa = PBXBuildFile; fileRef = 52ECB6F318A0E481007C7636 /* TSFQuestionnaireViewControllerSpec.m */; };
		52ECB6F718A0E511007C7636 /* TSFQuestionnaireViewController.m in Sources */ = {isa = PBXBuildFile; fileRef = 52ECB6F618A0E511007C7636 /* TSFQuestionnaireViewController.m */; };
		E417281718994A7A00DD77B5 /* TSFQuestionnaireMapperSpec.m in Sources */ = {isa = PBXBuildFile; fileRef = E417281618994A7A00DD77B5 /* TSFQuestionnaireMapperSpec.m */; };
		E417281A18994C8000DD77B5 /* TSFQuestionnaireMapper.m in Sources */ = {isa = PBXBuildFile; fileRef = E417281918994C8000DD77B5 /* TSFQuestionnaireMapper.m */; };
		E429DD4E189807B300BAFEC4 /* TSFAPIClient.m in Sources */ = {isa = PBXBuildFile; fileRef = E429DD4D189807B300BAFEC4 /* TSFAPIClient.m */; };
		E429DD51189809A400BAFEC4 /* TSFAPIClientSpec.m in Sources */ = {isa = PBXBuildFile; fileRef = E429DD50189809A400BAFEC4 /* TSFAPIClientSpec.m */; };
		E440586E189A6E30001AEE13 /* TSFCompetenceServiceSpec.m in Sources */ = {isa = PBXBuildFile; fileRef = E440586D189A6E30001AEE13 /* TSFCompetenceServiceSpec.m */; };
		E4405871189A6EA1001AEE13 /* TSFCompetenceService.m in Sources */ = {isa = PBXBuildFile; fileRef = E4405870189A6EA1001AEE13 /* TSFCompetenceService.m */; };
		E4405874189A83BC001AEE13 /* TSFCompetenceViewController.m in Sources */ = {isa = PBXBuildFile; fileRef = E4405873189A83BC001AEE13 /* TSFCompetenceViewController.m */; };
		E453D6F21899552000052854 /* TSFQuestionnaireServiceSpec.m in Sources */ = {isa = PBXBuildFile; fileRef = E453D6F11899552000052854 /* TSFQuestionnaireServiceSpec.m */; };
		E453D6F51899557400052854 /* TSFQuestionnaireService.m in Sources */ = {isa = PBXBuildFile; fileRef = E453D6F41899557400052854 /* TSFQuestionnaireService.m */; };
		E455FF791899004F00F8C04C /* TSFQuestionnaireSpec.m in Sources */ = {isa = PBXBuildFile; fileRef = E455FF781899004F00F8C04C /* TSFQuestionnaireSpec.m */; };
		E455FF7C1899018A00F8C04C /* TSFQuestionnaire.m in Sources */ = {isa = PBXBuildFile; fileRef = E455FF7B1899018A00F8C04C /* TSFQuestionnaire.m */; };
		E455FF7F189904A200F8C04C /* TSFCompetenceSpec.m in Sources */ = {isa = PBXBuildFile; fileRef = E455FF7E189904A200F8C04C /* TSFCompetenceSpec.m */; };
		E455FF82189905DB00F8C04C /* TSFCompetence.m in Sources */ = {isa = PBXBuildFile; fileRef = E455FF81189905DB00F8C04C /* TSFCompetence.m */; };
		E455FF8518990DB000F8C04C /* TSFKeyBehaviourSpec.m in Sources */ = {isa = PBXBuildFile; fileRef = E455FF8418990DB000F8C04C /* TSFKeyBehaviourSpec.m */; };
		E455FF8B18990E8200F8C04C /* TSFKeyBehaviour.m in Sources */ = {isa = PBXBuildFile; fileRef = E455FF8A18990E8200F8C04C /* TSFKeyBehaviour.m */; };
		E455FF9218991CAA00F8C04C /* TSFQuestionSpec.m in Sources */ = {isa = PBXBuildFile; fileRef = E455FF9118991CAA00F8C04C /* TSFQuestionSpec.m */; };
		E455FF9518991D1A00F8C04C /* TSFQuestion.m in Sources */ = {isa = PBXBuildFile; fileRef = E455FF9418991D1A00F8C04C /* TSFQuestion.m */; };
		E4800B211897FD9A00FCE147 /* Foundation.framework in Frameworks */ = {isa = PBXBuildFile; fileRef = E4800B201897FD9A00FCE147 /* Foundation.framework */; };
		E4800B231897FD9A00FCE147 /* CoreGraphics.framework in Frameworks */ = {isa = PBXBuildFile; fileRef = E4800B221897FD9A00FCE147 /* CoreGraphics.framework */; };
		E4800B251897FD9A00FCE147 /* UIKit.framework in Frameworks */ = {isa = PBXBuildFile; fileRef = E4800B241897FD9A00FCE147 /* UIKit.framework */; };
		E4800B2B1897FD9A00FCE147 /* InfoPlist.strings in Resources */ = {isa = PBXBuildFile; fileRef = E4800B291897FD9A00FCE147 /* InfoPlist.strings */; };
		E4800B2D1897FD9A00FCE147 /* main.m in Sources */ = {isa = PBXBuildFile; fileRef = E4800B2C1897FD9A00FCE147 /* main.m */; };
		E4800B311897FD9A00FCE147 /* TSFAppDelegate.m in Sources */ = {isa = PBXBuildFile; fileRef = E4800B301897FD9A00FCE147 /* TSFAppDelegate.m */; };
		E4800B341897FD9A00FCE147 /* Main_iPhone.storyboard in Resources */ = {isa = PBXBuildFile; fileRef = E4800B321897FD9A00FCE147 /* Main_iPhone.storyboard */; };
		E4800B371897FD9A00FCE147 /* Main_iPad.storyboard in Resources */ = {isa = PBXBuildFile; fileRef = E4800B351897FD9A00FCE147 /* Main_iPad.storyboard */; };
		E4800B3A1897FD9A00FCE147 /* TSFViewController.m in Sources */ = {isa = PBXBuildFile; fileRef = E4800B391897FD9A00FCE147 /* TSFViewController.m */; };
		E4800B3C1897FD9A00FCE147 /* Images.xcassets in Resources */ = {isa = PBXBuildFile; fileRef = E4800B3B1897FD9A00FCE147 /* Images.xcassets */; };
		E4800B431897FD9A00FCE147 /* XCTest.framework in Frameworks */ = {isa = PBXBuildFile; fileRef = E4800B421897FD9A00FCE147 /* XCTest.framework */; };
		E4800B441897FD9A00FCE147 /* Foundation.framework in Frameworks */ = {isa = PBXBuildFile; fileRef = E4800B201897FD9A00FCE147 /* Foundation.framework */; };
		E4800B451897FD9A00FCE147 /* UIKit.framework in Frameworks */ = {isa = PBXBuildFile; fileRef = E4800B241897FD9A00FCE147 /* UIKit.framework */; };
		E4800B4D1897FD9A00FCE147 /* InfoPlist.strings in Resources */ = {isa = PBXBuildFile; fileRef = E4800B4B1897FD9A00FCE147 /* InfoPlist.strings */; };
		E4A7D79B18997A2500276FC0 /* TSFAssessorService.m in Sources */ = {isa = PBXBuildFile; fileRef = E4A7D79A18997A2500276FC0 /* TSFAssessorService.m */; };
		E4A7D79D18997A3A00276FC0 /* TSFAssessorServiceSpec.m in Sources */ = {isa = PBXBuildFile; fileRef = E4A7D79C18997A3A00276FC0 /* TSFAssessorServiceSpec.m */; };
		E4C7F9171899376100B0E5F2 /* TSFKeyBehaviourMapper.m in Sources */ = {isa = PBXBuildFile; fileRef = E4C7F9161899376100B0E5F2 /* TSFKeyBehaviourMapper.m */; };
		E4C7F91A1899380900B0E5F2 /* TSFKeyBehaviourMapperSpec.m in Sources */ = {isa = PBXBuildFile; fileRef = E4C7F9191899380900B0E5F2 /* TSFKeyBehaviourMapperSpec.m */; };
		E4C7F91C18993E1300B0E5F2 /* TSFQuestionMapperSpec.m in Sources */ = {isa = PBXBuildFile; fileRef = E4C7F91B18993E1300B0E5F2 /* TSFQuestionMapperSpec.m */; };
		E4C7F91F18993E5400B0E5F2 /* TSFQuestionMapper.m in Sources */ = {isa = PBXBuildFile; fileRef = E4C7F91E18993E5400B0E5F2 /* TSFQuestionMapper.m */; };
		E4C7F922189940A800B0E5F2 /* TSFCompetenceMapper.m in Sources */ = {isa = PBXBuildFile; fileRef = E4C7F921189940A800B0E5F2 /* TSFCompetenceMapper.m */; };
		E4C7F924189940B400B0E5F2 /* TSFCompetenceMapperSpec.m in Sources */ = {isa = PBXBuildFile; fileRef = E4C7F923189940B400B0E5F2 /* TSFCompetenceMapperSpec.m */; };
		F0FBDD2E96ED4C558BDC16E7 /* libPods-Three Sixty Feedback.a in Frameworks */ = {isa = PBXBuildFile; fileRef = 02440D1D9DA543F999900FB9 /* libPods-Three Sixty Feedback.a */; };
/* End PBXBuildFile section */

/* Begin PBXContainerItemProxy section */
		E4800B461897FD9A00FCE147 /* PBXContainerItemProxy */ = {
			isa = PBXContainerItemProxy;
			containerPortal = E4800B151897FD9A00FCE147 /* Project object */;
			proxyType = 1;
			remoteGlobalIDString = E4800B1C1897FD9A00FCE147;
			remoteInfo = "Three Sixty Feedback";
		};
/* End PBXContainerItemProxy section */

/* Begin PBXFileReference section */
		02440D1D9DA543F999900FB9 /* libPods-Three Sixty Feedback.a */ = {isa = PBXFileReference; explicitFileType = archive.ar; includeInIndex = 0; path = "libPods-Three Sixty Feedback.a"; sourceTree = BUILT_PRODUCTS_DIR; };
		0765E13F189968D800D64B2B /* TSFAppDelegateSpec.m */ = {isa = PBXFileReference; fileEncoding = 4; lastKnownFileType = sourcecode.c.objc; path = TSFAppDelegateSpec.m; sourceTree = "<group>"; };
		30296737650743E89942BB02 /* libPods-Three Sixty FeedbackTests.a */ = {isa = PBXFileReference; explicitFileType = archive.ar; includeInIndex = 0; path = "libPods-Three Sixty FeedbackTests.a"; sourceTree = BUILT_PRODUCTS_DIR; };
		522662DB18BB6759001797EF /* TSFCompetenceViewControllerSpec.m */ = {isa = PBXFileReference; fileEncoding = 4; lastKnownFileType = sourcecode.c.objc; name = TSFCompetenceViewControllerSpec.m; path = Controllers/TSFCompetenceViewControllerSpec.m; sourceTree = "<group>"; };
		5226DBCC18B748B100CCDAE4 /* TSFPasswordRequestViewController.h */ = {isa = PBXFileReference; fileEncoding = 4; lastKnownFileType = sourcecode.c.h; name = TSFPasswordRequestViewController.h; path = Controllers/TSFPasswordRequestViewController.h; sourceTree = "<group>"; };
		5226DBCD18B748B100CCDAE4 /* TSFPasswordRequestViewController.m */ = {isa = PBXFileReference; fileEncoding = 4; lastKnownFileType = sourcecode.c.objc; name = TSFPasswordRequestViewController.m; path = Controllers/TSFPasswordRequestViewController.m; sourceTree = "<group>"; };
		522DB4A9189FB6BA002EE50D /* TSFHomeViewController.h */ = {isa = PBXFileReference; fileEncoding = 4; lastKnownFileType = sourcecode.c.h; name = TSFHomeViewController.h; path = Controllers/TSFHomeViewController.h; sourceTree = "<group>"; };
		522DB4AA189FB6BA002EE50D /* TSFHomeViewController.m */ = {isa = PBXFileReference; fileEncoding = 4; lastKnownFileType = sourcecode.c.objc; name = TSFHomeViewController.m; path = Controllers/TSFHomeViewController.m; sourceTree = "<group>"; };
		522DB4AD189FB807002EE50D /* TSFHomeViewControllerSpec.m */ = {isa = PBXFileReference; fileEncoding = 4; lastKnownFileType = sourcecode.c.objc; name = TSFHomeViewControllerSpec.m; path = Controllers/TSFHomeViewControllerSpec.m; sourceTree = "<group>"; };
		526B425A18B5002100DC1310 /* TSFLoginViewController.h */ = {isa = PBXFileReference; fileEncoding = 4; lastKnownFileType = sourcecode.c.h; name = TSFLoginViewController.h; path = Controllers/TSFLoginViewController.h; sourceTree = "<group>"; };
		526B425B18B5002100DC1310 /* TSFLoginViewController.m */ = {isa = PBXFileReference; fileEncoding = 4; lastKnownFileType = sourcecode.c.objc; name = TSFLoginViewController.m; path = Controllers/TSFLoginViewController.m; sourceTree = "<group>"; };
		526B426118B504A400DC1310 /* TSFGenerics.h */ = {isa = PBXFileReference; fileEncoding = 4; lastKnownFileType = sourcecode.c.h; name = TSFGenerics.h; path = Views/TSFGenerics.h; sourceTree = "<group>"; };
		526B426418B5069000DC1310 /* TSFSessionService.h */ = {isa = PBXFileReference; fileEncoding = 4; lastKnownFileType = sourcecode.c.h; name = TSFSessionService.h; path = Networking/TSFSessionService.h; sourceTree = "<group>"; };
		526B426518B5069000DC1310 /* TSFSessionService.m */ = {isa = PBXFileReference; fileEncoding = 4; lastKnownFileType = sourcecode.c.objc; name = TSFSessionService.m; path = Networking/TSFSessionService.m; sourceTree = "<group>"; };
		526B426818B506AC00DC1310 /* TSFSessionServiceSpec.m */ = {isa = PBXFileReference; fileEncoding = 4; lastKnownFileType = sourcecode.c.objc; name = TSFSessionServiceSpec.m; path = Networking/TSFSessionServiceSpec.m; sourceTree = "<group>"; };
		527AF14B18B6113400604A3A /* TSFUser.h */ = {isa = PBXFileReference; fileEncoding = 4; lastKnownFileType = sourcecode.c.h; name = TSFUser.h; path = Models/TSFUser.h; sourceTree = "<group>"; };
		527AF14C18B6113400604A3A /* TSFUser.m */ = {isa = PBXFileReference; fileEncoding = 4; lastKnownFileType = sourcecode.c.objc; name = TSFUser.m; path = Models/TSFUser.m; sourceTree = "<group>"; };
		527AF14F18B6114100604A3A /* TSFUserSpec.m */ = {isa = PBXFileReference; fileEncoding = 4; lastKnownFileType = sourcecode.c.objc; name = TSFUserSpec.m; path = Models/TSFUserSpec.m; sourceTree = "<group>"; };
		527AF15118B611AB00604A3A /* TSFUserMapper.h */ = {isa = PBXFileReference; fileEncoding = 4; lastKnownFileType = sourcecode.c.h; name = TSFUserMapper.h; path = Models/Mappers/TSFUserMapper.h; sourceTree = "<group>"; };
		527AF15218B611AB00604A3A /* TSFUserMapper.m */ = {isa = PBXFileReference; fileEncoding = 4; lastKnownFileType = sourcecode.c.objc; name = TSFUserMapper.m; path = Models/Mappers/TSFUserMapper.m; sourceTree = "<group>"; };
		527AF15518B611C100604A3A /* TSFUserMapperSpec.m */ = {isa = PBXFileReference; fileEncoding = 4; lastKnownFileType = sourcecode.c.objc; name = TSFUserMapperSpec.m; path = Models/Mappers/TSFUserMapperSpec.m; sourceTree = "<group>"; };
		527AF15A18B62EE200604A3A /* TSFMainViewController.h */ = {isa = PBXFileReference; fileEncoding = 4; lastKnownFileType = sourcecode.c.h; name = TSFMainViewController.h; path = Controllers/TSFMainViewController.h; sourceTree = "<group>"; };
		527AF15B18B62EE200604A3A /* TSFMainViewController.m */ = {isa = PBXFileReference; fileEncoding = 4; lastKnownFileType = sourcecode.c.objc; name = TSFMainViewController.m; path = Controllers/TSFMainViewController.m; sourceTree = "<group>"; };
		527FD0B7189DA634003E1E96 /* UIColor+TSFColor.h */ = {isa = PBXFileReference; fileEncoding = 4; lastKnownFileType = sourcecode.c.h; name = "UIColor+TSFColor.h"; path = "Views/Custom/UIColor+TSFColor.h"; sourceTree = "<group>"; };
		527FD0B8189DA634003E1E96 /* UIColor+TSFColor.m */ = {isa = PBXFileReference; fileEncoding = 4; lastKnownFileType = sourcecode.c.objc; name = "UIColor+TSFColor.m"; path = "Views/Custom/UIColor+TSFColor.m"; sourceTree = "<group>"; };
		5290DBBC18BBA8EE0074AF78 /* TSFQuestionnaireCell.h */ = {isa = PBXFileReference; fileEncoding = 4; lastKnownFileType = sourcecode.c.h; name = TSFQuestionnaireCell.h; path = Views/Cells/TSFQuestionnaireCell.h; sourceTree = "<group>"; };
		5290DBBD18BBA8EE0074AF78 /* TSFQuestionnaireCell.m */ = {isa = PBXFileReference; fileEncoding = 4; lastKnownFileType = sourcecode.c.objc; name = TSFQuestionnaireCell.m; path = Views/Cells/TSFQuestionnaireCell.m; sourceTree = "<group>"; };
		5290DBBF18BBAA6A0074AF78 /* TSFNetworkingBlocks.h */ = {isa = PBXFileReference; lastKnownFileType = sourcecode.c.h; name = TSFNetworkingBlocks.h; path = Networking/TSFNetworkingBlocks.h; sourceTree = "<group>"; };
		5290DBC018BBACEF0074AF78 /* TSFQuestionnaireIntroViewControllerSpec.m */ = {isa = PBXFileReference; fileEncoding = 4; lastKnownFileType = sourcecode.c.objc; name = TSFQuestionnaireIntroViewControllerSpec.m; path = Controllers/TSFQuestionnaireIntroViewControllerSpec.m; sourceTree = "<group>"; };
		5290DBC218BBB3070074AF78 /* TSFAssessor.h */ = {isa = PBXFileReference; fileEncoding = 4; lastKnownFileType = sourcecode.c.h; name = TSFAssessor.h; path = Models/TSFAssessor.h; sourceTree = "<group>"; };
		5290DBC318BBB3070074AF78 /* TSFAssessor.m */ = {isa = PBXFileReference; fileEncoding = 4; lastKnownFileType = sourcecode.c.objc; name = TSFAssessor.m; path = Models/TSFAssessor.m; sourceTree = "<group>"; };
		5290DBC518BBB3200074AF78 /* TSFAssessorMapper.h */ = {isa = PBXFileReference; fileEncoding = 4; lastKnownFileType = sourcecode.c.h; name = TSFAssessorMapper.h; path = Models/Mappers/TSFAssessorMapper.h; sourceTree = "<group>"; };
		5290DBC618BBB3200074AF78 /* TSFAssessorMapper.m */ = {isa = PBXFileReference; fileEncoding = 4; lastKnownFileType = sourcecode.c.objc; name = TSFAssessorMapper.m; path = Models/Mappers/TSFAssessorMapper.m; sourceTree = "<group>"; };
		529269A118BCA16F0052813A /* TSFCompletedQuestionnairesViewControllerSpec.m */ = {isa = PBXFileReference; fileEncoding = 4; lastKnownFileType = sourcecode.c.objc; name = TSFCompletedQuestionnairesViewControllerSpec.m; path = Controllers/TSFCompletedQuestionnairesViewControllerSpec.m; sourceTree = "<group>"; };
		5295BC3F18BCFCAF0081A158 /* TSFAssessorMapperSpec.m */ = {isa = PBXFileReference; fileEncoding = 4; lastKnownFileType = sourcecode.c.objc; name = TSFAssessorMapperSpec.m; path = Models/Mappers/TSFAssessorMapperSpec.m; sourceTree = "<group>"; };
		5295BC4118BCFD590081A158 /* NSDate+StringParsing.h */ = {isa = PBXFileReference; fileEncoding = 4; lastKnownFileType = sourcecode.c.h; name = "NSDate+StringParsing.h"; path = "Models/Mappers/NSDate+StringParsing.h"; sourceTree = "<group>"; };
		5295BC4218BCFD590081A158 /* NSDate+StringParsing.m */ = {isa = PBXFileReference; fileEncoding = 4; lastKnownFileType = sourcecode.c.objc; name = "NSDate+StringParsing.m"; path = "Models/Mappers/NSDate+StringParsing.m"; sourceTree = "<group>"; };
		529B507E18BB55050089CC4A /* TSFPasswordRequestViewControllerSpec.m */ = {isa = PBXFileReference; fileEncoding = 4; lastKnownFileType = sourcecode.c.objc; name = TSFPasswordRequestViewControllerSpec.m; path = Controllers/TSFPasswordRequestViewControllerSpec.m; sourceTree = "<group>"; };
		529B508018BB55350089CC4A /* TSFMainViewControllerSpec.m */ = {isa = PBXFileReference; fileEncoding = 4; lastKnownFileType = sourcecode.c.objc; name = TSFMainViewControllerSpec.m; path = Controllers/TSFMainViewControllerSpec.m; sourceTree = "<group>"; };
		529F267418BB9E3C0088D0D2 /* TSFQuestionnairesTabBarController.h */ = {isa = PBXFileReference; fileEncoding = 4; lastKnownFileType = sourcecode.c.h; name = TSFQuestionnairesTabBarController.h; path = Controllers/TSFQuestionnairesTabBarController.h; sourceTree = "<group>"; };
		529F267518BB9E3C0088D0D2 /* TSFQuestionnairesTabBarController.m */ = {isa = PBXFileReference; fileEncoding = 4; lastKnownFileType = sourcecode.c.objc; name = TSFQuestionnairesTabBarController.m; path = Controllers/TSFQuestionnairesTabBarController.m; sourceTree = "<group>"; };
		529F267A18BB9E890088D0D2 /* TSFActiveQuestionnairesViewController.h */ = {isa = PBXFileReference; fileEncoding = 4; lastKnownFileType = sourcecode.c.h; name = TSFActiveQuestionnairesViewController.h; path = Controllers/TSFActiveQuestionnairesViewController.h; sourceTree = "<group>"; };
		529F267B18BB9E890088D0D2 /* TSFActiveQuestionnairesViewController.m */ = {isa = PBXFileReference; fileEncoding = 4; lastKnownFileType = sourcecode.c.objc; name = TSFActiveQuestionnairesViewController.m; path = Controllers/TSFActiveQuestionnairesViewController.m; sourceTree = "<group>"; };
		529F268118BB9EE00088D0D2 /* TSFActiveQuestionnairesViewControllerSpec.m */ = {isa = PBXFileReference; fileEncoding = 4; lastKnownFileType = sourcecode.c.objc; name = TSFActiveQuestionnairesViewControllerSpec.m; path = Controllers/TSFActiveQuestionnairesViewControllerSpec.m; sourceTree = "<group>"; };
		529F268418BB9F100088D0D2 /* TSFQuestionnairesTabBarControllerSpec.m */ = {isa = PBXFileReference; fileEncoding = 4; lastKnownFileType = sourcecode.c.objc; name = TSFQuestionnairesTabBarControllerSpec.m; path = Controllers/TSFQuestionnairesTabBarControllerSpec.m; sourceTree = "<group>"; };
		529F268718BB9F450088D0D2 /* TSFMenuViewControllerSpec.m */ = {isa = PBXFileReference; fileEncoding = 4; lastKnownFileType = sourcecode.c.objc; name = TSFMenuViewControllerSpec.m; path = Controllers/TSFMenuViewControllerSpec.m; sourceTree = "<group>"; };
		529F268918BB9F880088D0D2 /* TSFMenuViewController.h */ = {isa = PBXFileReference; fileEncoding = 4; lastKnownFileType = sourcecode.c.h; name = TSFMenuViewController.h; path = Controllers/TSFMenuViewController.h; sourceTree = "<group>"; };
		529F268A18BB9F880088D0D2 /* TSFMenuViewController.m */ = {isa = PBXFileReference; fileEncoding = 4; lastKnownFileType = sourcecode.c.objc; name = TSFMenuViewController.m; path = Controllers/TSFMenuViewController.m; sourceTree = "<group>"; };
		529F268C18BBA0310088D0D2 /* TSFMenuCell.h */ = {isa = PBXFileReference; fileEncoding = 4; lastKnownFileType = sourcecode.c.h; name = TSFMenuCell.h; path = Views/Cells/TSFMenuCell.h; sourceTree = "<group>"; };
		529F268D18BBA0310088D0D2 /* TSFMenuCell.m */ = {isa = PBXFileReference; fileEncoding = 4; lastKnownFileType = sourcecode.c.objc; name = TSFMenuCell.m; path = Views/Cells/TSFMenuCell.m; sourceTree = "<group>"; };
		52ACE466189EC07C0095F650 /* TSFQuestionnaireIntroViewController.h */ = {isa = PBXFileReference; fileEncoding = 4; lastKnownFileType = sourcecode.c.h; name = TSFQuestionnaireIntroViewController.h; path = Controllers/TSFQuestionnaireIntroViewController.h; sourceTree = "<group>"; };
		52ACE467189EC07C0095F650 /* TSFQuestionnaireIntroViewController.m */ = {isa = PBXFileReference; fileEncoding = 4; lastKnownFileType = sourcecode.c.objc; name = TSFQuestionnaireIntroViewController.m; path = Controllers/TSFQuestionnaireIntroViewController.m; sourceTree = "<group>"; };
		52ACE46C189EDC040095F650 /* TSFFinishQuestionnaireViewController.h */ = {isa = PBXFileReference; fileEncoding = 4; lastKnownFileType = sourcecode.c.h; name = TSFFinishQuestionnaireViewController.h; path = Controllers/TSFFinishQuestionnaireViewController.h; sourceTree = "<group>"; };
		52ACE46D189EDC040095F650 /* TSFFinishQuestionnaireViewController.m */ = {isa = PBXFileReference; fileEncoding = 4; lastKnownFileType = sourcecode.c.objc; name = TSFFinishQuestionnaireViewController.m; path = Controllers/TSFFinishQuestionnaireViewController.m; sourceTree = "<group>"; };
		52BD22C418ABFE1900D14390 /* TSFCommentaryCell.h */ = {isa = PBXFileReference; fileEncoding = 4; lastKnownFileType = sourcecode.c.h; name = TSFCommentaryCell.h; path = Views/Cells/TSFCommentaryCell.h; sourceTree = "<group>"; };
		52BD22C518ABFE1900D14390 /* TSFCommentaryCell.m */ = {isa = PBXFileReference; fileEncoding = 4; lastKnownFileType = sourcecode.c.objc; name = TSFCommentaryCell.m; path = Views/Cells/TSFCommentaryCell.m; sourceTree = "<group>"; };
		52BE6F4418BCA428000B2DC7 /* TSFCompletedQuestionnairesViewController.h */ = {isa = PBXFileReference; fileEncoding = 4; lastKnownFileType = sourcecode.c.h; name = TSFCompletedQuestionnairesViewController.h; path = Controllers/TSFCompletedQuestionnairesViewController.h; sourceTree = "<group>"; };
		52BE6F4518BCA428000B2DC7 /* TSFCompletedQuestionnairesViewController.m */ = {isa = PBXFileReference; fileEncoding = 4; lastKnownFileType = sourcecode.c.objc; name = TSFCompletedQuestionnairesViewController.m; path = Controllers/TSFCompletedQuestionnairesViewController.m; sourceTree = "<group>"; };
		52BE6F4B18BCB12B000B2DC7 /* TSFUserQuestionnaireTabBarControllerSpec.m */ = {isa = PBXFileReference; fileEncoding = 4; lastKnownFileType = sourcecode.c.objc; name = TSFUserQuestionnaireTabBarControllerSpec.m; path = Controllers/TSFUserQuestionnaireTabBarControllerSpec.m; sourceTree = "<group>"; };
		52BE6F4D18BCB157000B2DC7 /* TSFUserQuestionnaireTabBarController.h */ = {isa = PBXFileReference; fileEncoding = 4; lastKnownFileType = sourcecode.c.h; name = TSFUserQuestionnaireTabBarController.h; path = Controllers/TSFUserQuestionnaireTabBarController.h; sourceTree = "<group>"; };
		52BE6F4E18BCB157000B2DC7 /* TSFUserQuestionnaireTabBarController.m */ = {isa = PBXFileReference; fileEncoding = 4; lastKnownFileType = sourcecode.c.objc; name = TSFUserQuestionnaireTabBarController.m; path = Controllers/TSFUserQuestionnaireTabBarController.m; sourceTree = "<group>"; };
		52BE6F5018BCCA90000B2DC7 /* TSFUserQuestionnaireInfoViewController.h */ = {isa = PBXFileReference; fileEncoding = 4; lastKnownFileType = sourcecode.c.h; name = TSFUserQuestionnaireInfoViewController.h; path = Controllers/TSFUserQuestionnaireInfoViewController.h; sourceTree = "<group>"; };
		52BE6F5118BCCA90000B2DC7 /* TSFUserQuestionnaireInfoViewController.m */ = {isa = PBXFileReference; fileEncoding = 4; lastKnownFileType = sourcecode.c.objc; name = TSFUserQuestionnaireInfoViewController.m; path = Controllers/TSFUserQuestionnaireInfoViewController.m; sourceTree = "<group>"; };
		52BE6F5418BCCAA2000B2DC7 /* TSFUserQuestionnaireInfoViewControllerSpec.m */ = {isa = PBXFileReference; fileEncoding = 4; lastKnownFileType = sourcecode.c.objc; name = TSFUserQuestionnaireInfoViewControllerSpec.m; path = Controllers/TSFUserQuestionnaireInfoViewControllerSpec.m; sourceTree = "<group>"; };
		52BE6F5618BCD9F1000B2DC7 /* TSFUserQuestionnaireAssessorsViewController.h */ = {isa = PBXFileReference; fileEncoding = 4; lastKnownFileType = sourcecode.c.h; name = TSFUserQuestionnaireAssessorsViewController.h; path = Controllers/TSFUserQuestionnaireAssessorsViewController.h; sourceTree = "<group>"; };
		52BE6F5718BCD9F1000B2DC7 /* TSFUserQuestionnaireAssessorsViewController.m */ = {isa = PBXFileReference; fileEncoding = 4; lastKnownFileType = sourcecode.c.objc; name = TSFUserQuestionnaireAssessorsViewController.m; path = Controllers/TSFUserQuestionnaireAssessorsViewController.m; sourceTree = "<group>"; };
		52BE6F5A18BCDA00000B2DC7 /* TSFUserQuestionnaireAssessorsViewControllerSpec.m */ = {isa = PBXFileReference; fileEncoding = 4; lastKnownFileType = sourcecode.c.objc; name = TSFUserQuestionnaireAssessorsViewControllerSpec.m; path = Controllers/TSFUserQuestionnaireAssessorsViewControllerSpec.m; sourceTree = "<group>"; };
		52BE6F5C18BCDB89000B2DC7 /* TSFAssessorCell.h */ = {isa = PBXFileReference; fileEncoding = 4; lastKnownFileType = sourcecode.c.h; name = TSFAssessorCell.h; path = Views/Cells/TSFAssessorCell.h; sourceTree = "<group>"; };
		52BE6F5D18BCDB89000B2DC7 /* TSFAssessorCell.m */ = {isa = PBXFileReference; fileEncoding = 4; lastKnownFileType = sourcecode.c.objc; name = TSFAssessorCell.m; path = Views/Cells/TSFAssessorCell.m; sourceTree = "<group>"; };
		52BE6F5F18BCE999000B2DC7 /* TSFUserQuestionnaireSplitViewController.h */ = {isa = PBXFileReference; fileEncoding = 4; lastKnownFileType = sourcecode.c.h; name = TSFUserQuestionnaireSplitViewController.h; path = Controllers/TSFUserQuestionnaireSplitViewController.h; sourceTree = "<group>"; };
		52BE6F6018BCE999000B2DC7 /* TSFUserQuestionnaireSplitViewController.m */ = {isa = PBXFileReference; fileEncoding = 4; lastKnownFileType = sourcecode.c.objc; name = TSFUserQuestionnaireSplitViewController.m; path = Controllers/TSFUserQuestionnaireSplitViewController.m; sourceTree = "<group>"; };
		52E80F45189BDCC1007A8A48 /* TSFGenerics.h */ = {isa = PBXFileReference; lastKnownFileType = sourcecode.c.h; name = TSFGenerics.h; path = Views/TSFGenerics.h; sourceTree = "<group>"; };
		52E80F48189BE1D4007A8A48 /* TSFCompetenceTitleCell.h */ = {isa = PBXFileReference; fileEncoding = 4; lastKnownFileType = sourcecode.c.h; name = TSFCompetenceTitleCell.h; path = Views/Cells/TSFCompetenceTitleCell.h; sourceTree = "<group>"; };
		52E80F49189BE1D4007A8A48 /* TSFCompetenceTitleCell.m */ = {isa = PBXFileReference; fileEncoding = 4; lastKnownFileType = sourcecode.c.objc; name = TSFCompetenceTitleCell.m; path = Views/Cells/TSFCompetenceTitleCell.m; sourceTree = "<group>"; };
		52E80F4B189BE313007A8A48 /* TSFKeyBehaviourCell.h */ = {isa = PBXFileReference; fileEncoding = 4; lastKnownFileType = sourcecode.c.h; name = TSFKeyBehaviourCell.h; path = Views/Cells/TSFKeyBehaviourCell.h; sourceTree = "<group>"; };
		52E80F4C189BE313007A8A48 /* TSFKeyBehaviourCell.m */ = {isa = PBXFileReference; fileEncoding = 4; lastKnownFileType = sourcecode.c.objc; name = TSFKeyBehaviourCell.m; path = Views/Cells/TSFKeyBehaviourCell.m; sourceTree = "<group>"; };
		52E80F4F189BE494007A8A48 /* TSFKeyBehaviourRatingView.h */ = {isa = PBXFileReference; fileEncoding = 4; lastKnownFileType = sourcecode.c.h; name = TSFKeyBehaviourRatingView.h; path = Views/Custom/TSFKeyBehaviourRatingView.h; sourceTree = "<group>"; };
		52E80F50189BE494007A8A48 /* TSFKeyBehaviourRatingView.m */ = {isa = PBXFileReference; fileEncoding = 4; lastKnownFileType = sourcecode.c.objc; name = TSFKeyBehaviourRatingView.m; path = Views/Custom/TSFKeyBehaviourRatingView.m; sourceTree = "<group>"; };
		52ECB6E9189FF403007C7636 /* TSFBaseViewController.h */ = {isa = PBXFileReference; fileEncoding = 4; lastKnownFileType = sourcecode.c.h; name = TSFBaseViewController.h; path = Controllers/TSFBaseViewController.h; sourceTree = "<group>"; };
		52ECB6EA189FF403007C7636 /* TSFBaseViewController.m */ = {isa = PBXFileReference; fileEncoding = 4; lastKnownFileType = sourcecode.c.objc; name = TSFBaseViewController.m; path = Controllers/TSFBaseViewController.m; sourceTree = "<group>"; };
		52ECB6F318A0E481007C7636 /* TSFQuestionnaireViewControllerSpec.m */ = {isa = PBXFileReference; fileEncoding = 4; lastKnownFileType = sourcecode.c.objc; name = TSFQuestionnaireViewControllerSpec.m; path = Controllers/TSFQuestionnaireViewControllerSpec.m; sourceTree = "<group>"; };
		52ECB6F518A0E511007C7636 /* TSFQuestionnaireViewController.h */ = {isa = PBXFileReference; fileEncoding = 4; lastKnownFileType = sourcecode.c.h; name = TSFQuestionnaireViewController.h; path = Controllers/TSFQuestionnaireViewController.h; sourceTree = "<group>"; };
		52ECB6F618A0E511007C7636 /* TSFQuestionnaireViewController.m */ = {isa = PBXFileReference; fileEncoding = 4; lastKnownFileType = sourcecode.c.objc; name = TSFQuestionnaireViewController.m; path = Controllers/TSFQuestionnaireViewController.m; sourceTree = "<group>"; };
		62C58F47C5FD4310BB92989F /* Pods-Three Sixty Feedback.xcconfig */ = {isa = PBXFileReference; includeInIndex = 1; lastKnownFileType = text.xcconfig; name = "Pods-Three Sixty Feedback.xcconfig"; path = "Pods/Pods-Three Sixty Feedback.xcconfig"; sourceTree = "<group>"; };
		C40122A55ED3419EAD72E502 /* Pods-Three Sixty FeedbackTests.xcconfig */ = {isa = PBXFileReference; includeInIndex = 1; lastKnownFileType = text.xcconfig; name = "Pods-Three Sixty FeedbackTests.xcconfig"; path = "Pods/Pods-Three Sixty FeedbackTests.xcconfig"; sourceTree = "<group>"; };
		E417281618994A7A00DD77B5 /* TSFQuestionnaireMapperSpec.m */ = {isa = PBXFileReference; fileEncoding = 4; lastKnownFileType = sourcecode.c.objc; name = TSFQuestionnaireMapperSpec.m; path = Models/Mappers/TSFQuestionnaireMapperSpec.m; sourceTree = "<group>"; };
		E417281818994C8000DD77B5 /* TSFQuestionnaireMapper.h */ = {isa = PBXFileReference; fileEncoding = 4; lastKnownFileType = sourcecode.c.h; name = TSFQuestionnaireMapper.h; path = Models/Mappers/TSFQuestionnaireMapper.h; sourceTree = "<group>"; };
		E417281918994C8000DD77B5 /* TSFQuestionnaireMapper.m */ = {isa = PBXFileReference; fileEncoding = 4; lastKnownFileType = sourcecode.c.objc; name = TSFQuestionnaireMapper.m; path = Models/Mappers/TSFQuestionnaireMapper.m; sourceTree = "<group>"; };
		E429DD4C189807B300BAFEC4 /* TSFAPIClient.h */ = {isa = PBXFileReference; fileEncoding = 4; lastKnownFileType = sourcecode.c.h; name = TSFAPIClient.h; path = Networking/TSFAPIClient.h; sourceTree = "<group>"; };
		E429DD4D189807B300BAFEC4 /* TSFAPIClient.m */ = {isa = PBXFileReference; fileEncoding = 4; lastKnownFileType = sourcecode.c.objc; name = TSFAPIClient.m; path = Networking/TSFAPIClient.m; sourceTree = "<group>"; };
		E429DD50189809A400BAFEC4 /* TSFAPIClientSpec.m */ = {isa = PBXFileReference; fileEncoding = 4; lastKnownFileType = sourcecode.c.objc; name = TSFAPIClientSpec.m; path = Networking/TSFAPIClientSpec.m; sourceTree = "<group>"; };
		E440586D189A6E30001AEE13 /* TSFCompetenceServiceSpec.m */ = {isa = PBXFileReference; fileEncoding = 4; lastKnownFileType = sourcecode.c.objc; name = TSFCompetenceServiceSpec.m; path = Networking/TSFCompetenceServiceSpec.m; sourceTree = "<group>"; };
		E440586F189A6EA1001AEE13 /* TSFCompetenceService.h */ = {isa = PBXFileReference; fileEncoding = 4; lastKnownFileType = sourcecode.c.h; name = TSFCompetenceService.h; path = Networking/TSFCompetenceService.h; sourceTree = "<group>"; };
		E4405870189A6EA1001AEE13 /* TSFCompetenceService.m */ = {isa = PBXFileReference; fileEncoding = 4; lastKnownFileType = sourcecode.c.objc; name = TSFCompetenceService.m; path = Networking/TSFCompetenceService.m; sourceTree = "<group>"; };
		E4405872189A83BC001AEE13 /* TSFCompetenceViewController.h */ = {isa = PBXFileReference; fileEncoding = 4; lastKnownFileType = sourcecode.c.h; name = TSFCompetenceViewController.h; path = Controllers/TSFCompetenceViewController.h; sourceTree = "<group>"; };
		E4405873189A83BC001AEE13 /* TSFCompetenceViewController.m */ = {isa = PBXFileReference; fileEncoding = 4; lastKnownFileType = sourcecode.c.objc; name = TSFCompetenceViewController.m; path = Controllers/TSFCompetenceViewController.m; sourceTree = "<group>"; };
		E453D6F11899552000052854 /* TSFQuestionnaireServiceSpec.m */ = {isa = PBXFileReference; fileEncoding = 4; lastKnownFileType = sourcecode.c.objc; name = TSFQuestionnaireServiceSpec.m; path = Networking/TSFQuestionnaireServiceSpec.m; sourceTree = "<group>"; };
		E453D6F31899557400052854 /* TSFQuestionnaireService.h */ = {isa = PBXFileReference; fileEncoding = 4; lastKnownFileType = sourcecode.c.h; name = TSFQuestionnaireService.h; path = Networking/TSFQuestionnaireService.h; sourceTree = "<group>"; };
		E453D6F41899557400052854 /* TSFQuestionnaireService.m */ = {isa = PBXFileReference; fileEncoding = 4; lastKnownFileType = sourcecode.c.objc; name = TSFQuestionnaireService.m; path = Networking/TSFQuestionnaireService.m; sourceTree = "<group>"; };
		E455FF781899004F00F8C04C /* TSFQuestionnaireSpec.m */ = {isa = PBXFileReference; fileEncoding = 4; lastKnownFileType = sourcecode.c.objc; name = TSFQuestionnaireSpec.m; path = Models/TSFQuestionnaireSpec.m; sourceTree = "<group>"; };
		E455FF7A1899018A00F8C04C /* TSFQuestionnaire.h */ = {isa = PBXFileReference; fileEncoding = 4; lastKnownFileType = sourcecode.c.h; name = TSFQuestionnaire.h; path = Models/TSFQuestionnaire.h; sourceTree = "<group>"; };
		E455FF7B1899018A00F8C04C /* TSFQuestionnaire.m */ = {isa = PBXFileReference; fileEncoding = 4; lastKnownFileType = sourcecode.c.objc; name = TSFQuestionnaire.m; path = Models/TSFQuestionnaire.m; sourceTree = "<group>"; };
		E455FF7E189904A200F8C04C /* TSFCompetenceSpec.m */ = {isa = PBXFileReference; fileEncoding = 4; lastKnownFileType = sourcecode.c.objc; name = TSFCompetenceSpec.m; path = Models/TSFCompetenceSpec.m; sourceTree = "<group>"; };
		E455FF80189905DB00F8C04C /* TSFCompetence.h */ = {isa = PBXFileReference; fileEncoding = 4; lastKnownFileType = sourcecode.c.h; name = TSFCompetence.h; path = Models/TSFCompetence.h; sourceTree = "<group>"; };
		E455FF81189905DB00F8C04C /* TSFCompetence.m */ = {isa = PBXFileReference; fileEncoding = 4; lastKnownFileType = sourcecode.c.objc; name = TSFCompetence.m; path = Models/TSFCompetence.m; sourceTree = "<group>"; };
		E455FF8418990DB000F8C04C /* TSFKeyBehaviourSpec.m */ = {isa = PBXFileReference; fileEncoding = 4; lastKnownFileType = sourcecode.c.objc; name = TSFKeyBehaviourSpec.m; path = Models/TSFKeyBehaviourSpec.m; sourceTree = "<group>"; };
		E455FF8918990E8200F8C04C /* TSFKeyBehaviour.h */ = {isa = PBXFileReference; fileEncoding = 4; lastKnownFileType = sourcecode.c.h; name = TSFKeyBehaviour.h; path = Models/TSFKeyBehaviour.h; sourceTree = "<group>"; };
		E455FF8A18990E8200F8C04C /* TSFKeyBehaviour.m */ = {isa = PBXFileReference; fileEncoding = 4; lastKnownFileType = sourcecode.c.objc; name = TSFKeyBehaviour.m; path = Models/TSFKeyBehaviour.m; sourceTree = "<group>"; };
		E455FF9118991CAA00F8C04C /* TSFQuestionSpec.m */ = {isa = PBXFileReference; fileEncoding = 4; lastKnownFileType = sourcecode.c.objc; name = TSFQuestionSpec.m; path = Models/TSFQuestionSpec.m; sourceTree = "<group>"; };
		E455FF9318991D1A00F8C04C /* TSFQuestion.h */ = {isa = PBXFileReference; fileEncoding = 4; lastKnownFileType = sourcecode.c.h; name = TSFQuestion.h; path = Models/TSFQuestion.h; sourceTree = "<group>"; };
		E455FF9418991D1A00F8C04C /* TSFQuestion.m */ = {isa = PBXFileReference; fileEncoding = 4; lastKnownFileType = sourcecode.c.objc; name = TSFQuestion.m; path = Models/TSFQuestion.m; sourceTree = "<group>"; };
		E4800B1D1897FD9A00FCE147 /* Three Sixty Feedback.app */ = {isa = PBXFileReference; explicitFileType = wrapper.application; includeInIndex = 0; path = "Three Sixty Feedback.app"; sourceTree = BUILT_PRODUCTS_DIR; };
		E4800B201897FD9A00FCE147 /* Foundation.framework */ = {isa = PBXFileReference; lastKnownFileType = wrapper.framework; name = Foundation.framework; path = System/Library/Frameworks/Foundation.framework; sourceTree = SDKROOT; };
		E4800B221897FD9A00FCE147 /* CoreGraphics.framework */ = {isa = PBXFileReference; lastKnownFileType = wrapper.framework; name = CoreGraphics.framework; path = System/Library/Frameworks/CoreGraphics.framework; sourceTree = SDKROOT; };
		E4800B241897FD9A00FCE147 /* UIKit.framework */ = {isa = PBXFileReference; lastKnownFileType = wrapper.framework; name = UIKit.framework; path = System/Library/Frameworks/UIKit.framework; sourceTree = SDKROOT; };
		E4800B281897FD9A00FCE147 /* Three Sixty Feedback-Info.plist */ = {isa = PBXFileReference; lastKnownFileType = text.plist.xml; path = "Three Sixty Feedback-Info.plist"; sourceTree = "<group>"; };
		E4800B2A1897FD9A00FCE147 /* en */ = {isa = PBXFileReference; lastKnownFileType = text.plist.strings; name = en; path = en.lproj/InfoPlist.strings; sourceTree = "<group>"; };
		E4800B2C1897FD9A00FCE147 /* main.m */ = {isa = PBXFileReference; lastKnownFileType = sourcecode.c.objc; path = main.m; sourceTree = "<group>"; };
		E4800B2E1897FD9A00FCE147 /* Three Sixty Feedback-Prefix.pch */ = {isa = PBXFileReference; lastKnownFileType = sourcecode.c.h; path = "Three Sixty Feedback-Prefix.pch"; sourceTree = "<group>"; };
		E4800B2F1897FD9A00FCE147 /* TSFAppDelegate.h */ = {isa = PBXFileReference; lastKnownFileType = sourcecode.c.h; path = TSFAppDelegate.h; sourceTree = "<group>"; };
		E4800B301897FD9A00FCE147 /* TSFAppDelegate.m */ = {isa = PBXFileReference; lastKnownFileType = sourcecode.c.objc; path = TSFAppDelegate.m; sourceTree = "<group>"; };
		E4800B331897FD9A00FCE147 /* Base */ = {isa = PBXFileReference; lastKnownFileType = file.storyboard; name = Base; path = Base.lproj/Main_iPhone.storyboard; sourceTree = "<group>"; };
		E4800B361897FD9A00FCE147 /* Base */ = {isa = PBXFileReference; lastKnownFileType = file.storyboard; name = Base; path = Base.lproj/Main_iPad.storyboard; sourceTree = "<group>"; };
		E4800B381897FD9A00FCE147 /* TSFViewController.h */ = {isa = PBXFileReference; lastKnownFileType = sourcecode.c.h; path = TSFViewController.h; sourceTree = "<group>"; };
		E4800B391897FD9A00FCE147 /* TSFViewController.m */ = {isa = PBXFileReference; lastKnownFileType = sourcecode.c.objc; path = TSFViewController.m; sourceTree = "<group>"; };
		E4800B3B1897FD9A00FCE147 /* Images.xcassets */ = {isa = PBXFileReference; lastKnownFileType = folder.assetcatalog; path = Images.xcassets; sourceTree = "<group>"; };
		E4800B411897FD9A00FCE147 /* Three Sixty FeedbackTests.xctest */ = {isa = PBXFileReference; explicitFileType = wrapper.cfbundle; includeInIndex = 0; path = "Three Sixty FeedbackTests.xctest"; sourceTree = BUILT_PRODUCTS_DIR; };
		E4800B421897FD9A00FCE147 /* XCTest.framework */ = {isa = PBXFileReference; lastKnownFileType = wrapper.framework; name = XCTest.framework; path = Library/Frameworks/XCTest.framework; sourceTree = DEVELOPER_DIR; };
		E4800B4A1897FD9A00FCE147 /* Three Sixty FeedbackTests-Info.plist */ = {isa = PBXFileReference; lastKnownFileType = text.plist.xml; path = "Three Sixty FeedbackTests-Info.plist"; sourceTree = "<group>"; };
		E4800B4C1897FD9A00FCE147 /* en */ = {isa = PBXFileReference; lastKnownFileType = text.plist.strings; name = en; path = en.lproj/InfoPlist.strings; sourceTree = "<group>"; };
		E4A7D79918997A2500276FC0 /* TSFAssessorService.h */ = {isa = PBXFileReference; fileEncoding = 4; lastKnownFileType = sourcecode.c.h; name = TSFAssessorService.h; path = Networking/TSFAssessorService.h; sourceTree = "<group>"; };
		E4A7D79A18997A2500276FC0 /* TSFAssessorService.m */ = {isa = PBXFileReference; fileEncoding = 4; lastKnownFileType = sourcecode.c.objc; name = TSFAssessorService.m; path = Networking/TSFAssessorService.m; sourceTree = "<group>"; };
		E4A7D79C18997A3A00276FC0 /* TSFAssessorServiceSpec.m */ = {isa = PBXFileReference; fileEncoding = 4; lastKnownFileType = sourcecode.c.objc; name = TSFAssessorServiceSpec.m; path = Networking/TSFAssessorServiceSpec.m; sourceTree = "<group>"; };
		E4C7F9151899376100B0E5F2 /* TSFKeyBehaviourMapper.h */ = {isa = PBXFileReference; fileEncoding = 4; lastKnownFileType = sourcecode.c.h; name = TSFKeyBehaviourMapper.h; path = Models/Mappers/TSFKeyBehaviourMapper.h; sourceTree = "<group>"; };
		E4C7F9161899376100B0E5F2 /* TSFKeyBehaviourMapper.m */ = {isa = PBXFileReference; fileEncoding = 4; lastKnownFileType = sourcecode.c.objc; name = TSFKeyBehaviourMapper.m; path = Models/Mappers/TSFKeyBehaviourMapper.m; sourceTree = "<group>"; };
		E4C7F9191899380900B0E5F2 /* TSFKeyBehaviourMapperSpec.m */ = {isa = PBXFileReference; fileEncoding = 4; lastKnownFileType = sourcecode.c.objc; name = TSFKeyBehaviourMapperSpec.m; path = Models/Mappers/TSFKeyBehaviourMapperSpec.m; sourceTree = "<group>"; };
		E4C7F91B18993E1300B0E5F2 /* TSFQuestionMapperSpec.m */ = {isa = PBXFileReference; fileEncoding = 4; lastKnownFileType = sourcecode.c.objc; name = TSFQuestionMapperSpec.m; path = Models/Mappers/TSFQuestionMapperSpec.m; sourceTree = "<group>"; };
		E4C7F91D18993E5400B0E5F2 /* TSFQuestionMapper.h */ = {isa = PBXFileReference; fileEncoding = 4; lastKnownFileType = sourcecode.c.h; name = TSFQuestionMapper.h; path = Models/Mappers/TSFQuestionMapper.h; sourceTree = "<group>"; };
		E4C7F91E18993E5400B0E5F2 /* TSFQuestionMapper.m */ = {isa = PBXFileReference; fileEncoding = 4; lastKnownFileType = sourcecode.c.objc; name = TSFQuestionMapper.m; path = Models/Mappers/TSFQuestionMapper.m; sourceTree = "<group>"; };
		E4C7F920189940A800B0E5F2 /* TSFCompetenceMapper.h */ = {isa = PBXFileReference; fileEncoding = 4; lastKnownFileType = sourcecode.c.h; name = TSFCompetenceMapper.h; path = Models/Mappers/TSFCompetenceMapper.h; sourceTree = "<group>"; };
		E4C7F921189940A800B0E5F2 /* TSFCompetenceMapper.m */ = {isa = PBXFileReference; fileEncoding = 4; lastKnownFileType = sourcecode.c.objc; name = TSFCompetenceMapper.m; path = Models/Mappers/TSFCompetenceMapper.m; sourceTree = "<group>"; };
		E4C7F923189940B400B0E5F2 /* TSFCompetenceMapperSpec.m */ = {isa = PBXFileReference; fileEncoding = 4; lastKnownFileType = sourcecode.c.objc; name = TSFCompetenceMapperSpec.m; path = Models/Mappers/TSFCompetenceMapperSpec.m; sourceTree = "<group>"; };
/* End PBXFileReference section */

/* Begin PBXFrameworksBuildPhase section */
		E4800B1A1897FD9A00FCE147 /* Frameworks */ = {
			isa = PBXFrameworksBuildPhase;
			buildActionMask = 2147483647;
			files = (
				E4800B231897FD9A00FCE147 /* CoreGraphics.framework in Frameworks */,
				E4800B251897FD9A00FCE147 /* UIKit.framework in Frameworks */,
				E4800B211897FD9A00FCE147 /* Foundation.framework in Frameworks */,
				F0FBDD2E96ED4C558BDC16E7 /* libPods-Three Sixty Feedback.a in Frameworks */,
			);
			runOnlyForDeploymentPostprocessing = 0;
		};
		E4800B3E1897FD9A00FCE147 /* Frameworks */ = {
			isa = PBXFrameworksBuildPhase;
			buildActionMask = 2147483647;
			files = (
				E4800B431897FD9A00FCE147 /* XCTest.framework in Frameworks */,
				E4800B451897FD9A00FCE147 /* UIKit.framework in Frameworks */,
				E4800B441897FD9A00FCE147 /* Foundation.framework in Frameworks */,
				10E60C29E1EF4AFE963BD5CE /* libPods-Three Sixty FeedbackTests.a in Frameworks */,
			);
			runOnlyForDeploymentPostprocessing = 0;
		};
/* End PBXFrameworksBuildPhase section */

/* Begin PBXGroup section */
		52E80F47189BE1BE007A8A48 /* Cells */ = {
			isa = PBXGroup;
			children = (
				52E80F48189BE1D4007A8A48 /* TSFCompetenceTitleCell.h */,
				52E80F49189BE1D4007A8A48 /* TSFCompetenceTitleCell.m */,
				52E80F4B189BE313007A8A48 /* TSFKeyBehaviourCell.h */,
				52E80F4C189BE313007A8A48 /* TSFKeyBehaviourCell.m */,
				52BD22C418ABFE1900D14390 /* TSFCommentaryCell.h */,
				52BD22C518ABFE1900D14390 /* TSFCommentaryCell.m */,
				529F268C18BBA0310088D0D2 /* TSFMenuCell.h */,
				529F268D18BBA0310088D0D2 /* TSFMenuCell.m */,
				5290DBBC18BBA8EE0074AF78 /* TSFQuestionnaireCell.h */,
				5290DBBD18BBA8EE0074AF78 /* TSFQuestionnaireCell.m */,
				52BE6F5C18BCDB89000B2DC7 /* TSFAssessorCell.h */,
				52BE6F5D18BCDB89000B2DC7 /* TSFAssessorCell.m */,
			);
			name = Cells;
			sourceTree = "<group>";
		};
		52E80F4E189BE47D007A8A48 /* Custom */ = {
			isa = PBXGroup;
			children = (
				52E80F4F189BE494007A8A48 /* TSFKeyBehaviourRatingView.h */,
				52E80F50189BE494007A8A48 /* TSFKeyBehaviourRatingView.m */,
				527FD0B7189DA634003E1E96 /* UIColor+TSFColor.h */,
				527FD0B8189DA634003E1E96 /* UIColor+TSFColor.m */,
			);
			name = Custom;
			sourceTree = "<group>";
		};
		E429DD48189806CD00BAFEC4 /* Views */ = {
			isa = PBXGroup;
			children = (
				52E80F4E189BE47D007A8A48 /* Custom */,
				52E80F47189BE1BE007A8A48 /* Cells */,
				E4800B321897FD9A00FCE147 /* Main_iPhone.storyboard */,
				E4800B351897FD9A00FCE147 /* Main_iPad.storyboard */,
				52E80F45189BDCC1007A8A48 /* TSFGenerics.h */,
				526B426118B504A400DC1310 /* TSFGenerics.h */,
			);
			name = Views;
			sourceTree = "<group>";
		};
		E429DD49189806D200BAFEC4 /* Controllers */ = {
			isa = PBXGroup;
			children = (
				E4800B381897FD9A00FCE147 /* TSFViewController.h */,
				E4800B391897FD9A00FCE147 /* TSFViewController.m */,
				E4405872189A83BC001AEE13 /* TSFCompetenceViewController.h */,
				E4405873189A83BC001AEE13 /* TSFCompetenceViewController.m */,
				52ACE466189EC07C0095F650 /* TSFQuestionnaireIntroViewController.h */,
				52ACE467189EC07C0095F650 /* TSFQuestionnaireIntroViewController.m */,
				52ACE46C189EDC040095F650 /* TSFFinishQuestionnaireViewController.h */,
				52ACE46D189EDC040095F650 /* TSFFinishQuestionnaireViewController.m */,
				522DB4A9189FB6BA002EE50D /* TSFHomeViewController.h */,
				522DB4AA189FB6BA002EE50D /* TSFHomeViewController.m */,
				52ECB6E9189FF403007C7636 /* TSFBaseViewController.h */,
				52ECB6EA189FF403007C7636 /* TSFBaseViewController.m */,
				526B425A18B5002100DC1310 /* TSFLoginViewController.h */,
				526B425B18B5002100DC1310 /* TSFLoginViewController.m */,
				527AF15A18B62EE200604A3A /* TSFMainViewController.h */,
				527AF15B18B62EE200604A3A /* TSFMainViewController.m */,
				5226DBCC18B748B100CCDAE4 /* TSFPasswordRequestViewController.h */,
				5226DBCD18B748B100CCDAE4 /* TSFPasswordRequestViewController.m */,
				52ECB6F518A0E511007C7636 /* TSFQuestionnaireViewController.h */,
				52ECB6F618A0E511007C7636 /* TSFQuestionnaireViewController.m */,
				529F267418BB9E3C0088D0D2 /* TSFQuestionnairesTabBarController.h */,
				529F267518BB9E3C0088D0D2 /* TSFQuestionnairesTabBarController.m */,
				529F267A18BB9E890088D0D2 /* TSFActiveQuestionnairesViewController.h */,
				529F267B18BB9E890088D0D2 /* TSFActiveQuestionnairesViewController.m */,
				529F268918BB9F880088D0D2 /* TSFMenuViewController.h */,
				529F268A18BB9F880088D0D2 /* TSFMenuViewController.m */,
				52BE6F4418BCA428000B2DC7 /* TSFCompletedQuestionnairesViewController.h */,
				52BE6F4518BCA428000B2DC7 /* TSFCompletedQuestionnairesViewController.m */,
				52BE6F4D18BCB157000B2DC7 /* TSFUserQuestionnaireTabBarController.h */,
				52BE6F4E18BCB157000B2DC7 /* TSFUserQuestionnaireTabBarController.m */,
				52BE6F5018BCCA90000B2DC7 /* TSFUserQuestionnaireInfoViewController.h */,
				52BE6F5118BCCA90000B2DC7 /* TSFUserQuestionnaireInfoViewController.m */,
				52BE6F5618BCD9F1000B2DC7 /* TSFUserQuestionnaireAssessorsViewController.h */,
				52BE6F5718BCD9F1000B2DC7 /* TSFUserQuestionnaireAssessorsViewController.m */,
				52BE6F5F18BCE999000B2DC7 /* TSFUserQuestionnaireSplitViewController.h */,
				52BE6F6018BCE999000B2DC7 /* TSFUserQuestionnaireSplitViewController.m */,
			);
			name = Controllers;
			sourceTree = "<group>";
		};
		E429DD4B1898075300BAFEC4 /* Networking */ = {
			isa = PBXGroup;
			children = (
				E429DD4C189807B300BAFEC4 /* TSFAPIClient.h */,
				E429DD4D189807B300BAFEC4 /* TSFAPIClient.m */,
				E453D6F31899557400052854 /* TSFQuestionnaireService.h */,
				E453D6F41899557400052854 /* TSFQuestionnaireService.m */,
				E4A7D79918997A2500276FC0 /* TSFAssessorService.h */,
				E4A7D79A18997A2500276FC0 /* TSFAssessorService.m */,
				E440586F189A6EA1001AEE13 /* TSFCompetenceService.h */,
				E4405870189A6EA1001AEE13 /* TSFCompetenceService.m */,
				526B426418B5069000DC1310 /* TSFSessionService.h */,
				526B426518B5069000DC1310 /* TSFSessionService.m */,
				5290DBBF18BBAA6A0074AF78 /* TSFNetworkingBlocks.h */,
			);
			name = Networking;
			sourceTree = "<group>";
		};
		E429DD4F1898093000BAFEC4 /* Networking */ = {
			isa = PBXGroup;
			children = (
				E429DD50189809A400BAFEC4 /* TSFAPIClientSpec.m */,
				E453D6F11899552000052854 /* TSFQuestionnaireServiceSpec.m */,
				E4A7D79C18997A3A00276FC0 /* TSFAssessorServiceSpec.m */,
				E440586D189A6E30001AEE13 /* TSFCompetenceServiceSpec.m */,
				526B426818B506AC00DC1310 /* TSFSessionServiceSpec.m */,
			);
			name = Networking;
			sourceTree = "<group>";
		};
		E4405877189A83DE001AEE13 /* Controllers */ = {
			isa = PBXGroup;
			children = (
				529B507E18BB55050089CC4A /* TSFPasswordRequestViewControllerSpec.m */,
				529B508018BB55350089CC4A /* TSFMainViewControllerSpec.m */,
				522662DB18BB6759001797EF /* TSFCompetenceViewControllerSpec.m */,
				522DB4AD189FB807002EE50D /* TSFHomeViewControllerSpec.m */,
				522DB4AD189FB807002EE50D /* TSFHomeViewControllerSpec.m */,
				5290DBC018BBACEF0074AF78 /* TSFQuestionnaireIntroViewControllerSpec.m */,
				52ECB6F318A0E481007C7636 /* TSFQuestionnaireViewControllerSpec.m */,
				529F268118BB9EE00088D0D2 /* TSFActiveQuestionnairesViewControllerSpec.m */,
				529F268418BB9F100088D0D2 /* TSFQuestionnairesTabBarControllerSpec.m */,
				529F268718BB9F450088D0D2 /* TSFMenuViewControllerSpec.m */,
				529269A118BCA16F0052813A /* TSFCompletedQuestionnairesViewControllerSpec.m */,
				52BE6F4B18BCB12B000B2DC7 /* TSFUserQuestionnaireTabBarControllerSpec.m */,
				52BE6F5418BCCAA2000B2DC7 /* TSFUserQuestionnaireInfoViewControllerSpec.m */,
				52BE6F5A18BCDA00000B2DC7 /* TSFUserQuestionnaireAssessorsViewControllerSpec.m */,
			);
			name = Controllers;
			sourceTree = "<group>";
		};
		E455FF761899002200F8C04C /* Models */ = {
			isa = PBXGroup;
			children = (
				E4C7F9141899374100B0E5F2 /* Mappers */,
				E455FF7A1899018A00F8C04C /* TSFQuestionnaire.h */,
				E455FF7B1899018A00F8C04C /* TSFQuestionnaire.m */,
				E455FF80189905DB00F8C04C /* TSFCompetence.h */,
				E455FF81189905DB00F8C04C /* TSFCompetence.m */,
				E455FF8918990E8200F8C04C /* TSFKeyBehaviour.h */,
				E455FF8A18990E8200F8C04C /* TSFKeyBehaviour.m */,
				E455FF9318991D1A00F8C04C /* TSFQuestion.h */,
				E455FF9418991D1A00F8C04C /* TSFQuestion.m */,
				527AF14B18B6113400604A3A /* TSFUser.h */,
				527AF14C18B6113400604A3A /* TSFUser.m */,
				5290DBC218BBB3070074AF78 /* TSFAssessor.h */,
				5290DBC318BBB3070074AF78 /* TSFAssessor.m */,
			);
			name = Models;
			sourceTree = "<group>";
		};
		E455FF771899002A00F8C04C /* Models */ = {
			isa = PBXGroup;
			children = (
				E4C7F918189937A400B0E5F2 /* Mappers */,
				E455FF781899004F00F8C04C /* TSFQuestionnaireSpec.m */,
				E455FF7E189904A200F8C04C /* TSFCompetenceSpec.m */,
				E455FF8418990DB000F8C04C /* TSFKeyBehaviourSpec.m */,
				E455FF9118991CAA00F8C04C /* TSFQuestionSpec.m */,
				527AF14F18B6114100604A3A /* TSFUserSpec.m */,
			);
			name = Models;
			sourceTree = "<group>";
		};
		E4800B141897FD9A00FCE147 = {
			isa = PBXGroup;
			children = (
				E4800B261897FD9A00FCE147 /* Three Sixty Feedback */,
				E4800B481897FD9A00FCE147 /* Three Sixty FeedbackTests */,
				E4800B1F1897FD9A00FCE147 /* Frameworks */,
				E4800B1E1897FD9A00FCE147 /* Products */,
				62C58F47C5FD4310BB92989F /* Pods-Three Sixty Feedback.xcconfig */,
				C40122A55ED3419EAD72E502 /* Pods-Three Sixty FeedbackTests.xcconfig */,
			);
			sourceTree = "<group>";
		};
		E4800B1E1897FD9A00FCE147 /* Products */ = {
			isa = PBXGroup;
			children = (
				E4800B1D1897FD9A00FCE147 /* Three Sixty Feedback.app */,
				E4800B411897FD9A00FCE147 /* Three Sixty FeedbackTests.xctest */,
			);
			name = Products;
			sourceTree = "<group>";
		};
		E4800B1F1897FD9A00FCE147 /* Frameworks */ = {
			isa = PBXGroup;
			children = (
				E4800B201897FD9A00FCE147 /* Foundation.framework */,
				E4800B221897FD9A00FCE147 /* CoreGraphics.framework */,
				E4800B241897FD9A00FCE147 /* UIKit.framework */,
				E4800B421897FD9A00FCE147 /* XCTest.framework */,
				02440D1D9DA543F999900FB9 /* libPods-Three Sixty Feedback.a */,
				30296737650743E89942BB02 /* libPods-Three Sixty FeedbackTests.a */,
			);
			name = Frameworks;
			sourceTree = "<group>";
		};
		E4800B261897FD9A00FCE147 /* Three Sixty Feedback */ = {
			isa = PBXGroup;
			children = (
				E455FF761899002200F8C04C /* Models */,
				E429DD4B1898075300BAFEC4 /* Networking */,
				E4800B2F1897FD9A00FCE147 /* TSFAppDelegate.h */,
				E4800B301897FD9A00FCE147 /* TSFAppDelegate.m */,
				E429DD48189806CD00BAFEC4 /* Views */,
				E429DD49189806D200BAFEC4 /* Controllers */,
				E4800B3B1897FD9A00FCE147 /* Images.xcassets */,
				E4800B271897FD9A00FCE147 /* Supporting Files */,
			);
			path = "Three Sixty Feedback";
			sourceTree = "<group>";
		};
		E4800B271897FD9A00FCE147 /* Supporting Files */ = {
			isa = PBXGroup;
			children = (
				E4800B281897FD9A00FCE147 /* Three Sixty Feedback-Info.plist */,
				E4800B291897FD9A00FCE147 /* InfoPlist.strings */,
				E4800B2C1897FD9A00FCE147 /* main.m */,
				E4800B2E1897FD9A00FCE147 /* Three Sixty Feedback-Prefix.pch */,
			);
			name = "Supporting Files";
			sourceTree = "<group>";
		};
		E4800B481897FD9A00FCE147 /* Three Sixty FeedbackTests */ = {
			isa = PBXGroup;
			children = (
				E4405877189A83DE001AEE13 /* Controllers */,
				E455FF771899002A00F8C04C /* Models */,
				E429DD4F1898093000BAFEC4 /* Networking */,
				E4800B491897FD9A00FCE147 /* Supporting Files */,
				0765E13F189968D800D64B2B /* TSFAppDelegateSpec.m */,
			);
			path = "Three Sixty FeedbackTests";
			sourceTree = "<group>";
		};
		E4800B491897FD9A00FCE147 /* Supporting Files */ = {
			isa = PBXGroup;
			children = (
				E4800B4A1897FD9A00FCE147 /* Three Sixty FeedbackTests-Info.plist */,
				E4800B4B1897FD9A00FCE147 /* InfoPlist.strings */,
			);
			name = "Supporting Files";
			sourceTree = "<group>";
		};
		E4C7F9141899374100B0E5F2 /* Mappers */ = {
			isa = PBXGroup;
			children = (
				E4C7F9151899376100B0E5F2 /* TSFKeyBehaviourMapper.h */,
				E4C7F9161899376100B0E5F2 /* TSFKeyBehaviourMapper.m */,
				E4C7F91D18993E5400B0E5F2 /* TSFQuestionMapper.h */,
				E4C7F91E18993E5400B0E5F2 /* TSFQuestionMapper.m */,
				E4C7F920189940A800B0E5F2 /* TSFCompetenceMapper.h */,
				E4C7F921189940A800B0E5F2 /* TSFCompetenceMapper.m */,
				E417281818994C8000DD77B5 /* TSFQuestionnaireMapper.h */,
				E417281918994C8000DD77B5 /* TSFQuestionnaireMapper.m */,
				527AF15118B611AB00604A3A /* TSFUserMapper.h */,
				527AF15218B611AB00604A3A /* TSFUserMapper.m */,
				5290DBC518BBB3200074AF78 /* TSFAssessorMapper.h */,
				5290DBC618BBB3200074AF78 /* TSFAssessorMapper.m */,
				5295BC4118BCFD590081A158 /* NSDate+StringParsing.h */,
				5295BC4218BCFD590081A158 /* NSDate+StringParsing.m */,
			);
			name = Mappers;
			sourceTree = "<group>";
		};
		E4C7F918189937A400B0E5F2 /* Mappers */ = {
			isa = PBXGroup;
			children = (
				E4C7F9191899380900B0E5F2 /* TSFKeyBehaviourMapperSpec.m */,
				E4C7F91B18993E1300B0E5F2 /* TSFQuestionMapperSpec.m */,
				5295BC3F18BCFCAF0081A158 /* TSFAssessorMapperSpec.m */,
				E4C7F923189940B400B0E5F2 /* TSFCompetenceMapperSpec.m */,
				E417281618994A7A00DD77B5 /* TSFQuestionnaireMapperSpec.m */,
				527AF15518B611C100604A3A /* TSFUserMapperSpec.m */,
			);
			name = Mappers;
			sourceTree = "<group>";
		};
/* End PBXGroup section */

/* Begin PBXNativeTarget section */
		E4800B1C1897FD9A00FCE147 /* Three Sixty Feedback */ = {
			isa = PBXNativeTarget;
			buildConfigurationList = E4800B521897FD9A00FCE147 /* Build configuration list for PBXNativeTarget "Three Sixty Feedback" */;
			buildPhases = (
				9393B610F8224B18806E82E4 /* Check Pods Manifest.lock */,
				E4800B191897FD9A00FCE147 /* Sources */,
				E4800B1A1897FD9A00FCE147 /* Frameworks */,
				E4800B1B1897FD9A00FCE147 /* Resources */,
				56576D0BF44C4A489F6A5252 /* Copy Pods Resources */,
			);
			buildRules = (
			);
			dependencies = (
			);
			name = "Three Sixty Feedback";
			productName = "Three Sixty Feedback";
			productReference = E4800B1D1897FD9A00FCE147 /* Three Sixty Feedback.app */;
			productType = "com.apple.product-type.application";
		};
		E4800B401897FD9A00FCE147 /* Three Sixty FeedbackTests */ = {
			isa = PBXNativeTarget;
			buildConfigurationList = E4800B551897FD9A00FCE147 /* Build configuration list for PBXNativeTarget "Three Sixty FeedbackTests" */;
			buildPhases = (
				0E88067454464CCB8979B650 /* Check Pods Manifest.lock */,
				E4800B3D1897FD9A00FCE147 /* Sources */,
				E4800B3E1897FD9A00FCE147 /* Frameworks */,
				E4800B3F1897FD9A00FCE147 /* Resources */,
				F6230EF13B084862B2F9C6E7 /* Copy Pods Resources */,
			);
			buildRules = (
			);
			dependencies = (
				E4800B471897FD9A00FCE147 /* PBXTargetDependency */,
			);
			name = "Three Sixty FeedbackTests";
			productName = "Three Sixty FeedbackTests";
			productReference = E4800B411897FD9A00FCE147 /* Three Sixty FeedbackTests.xctest */;
			productType = "com.apple.product-type.bundle.unit-test";
		};
/* End PBXNativeTarget section */

/* Begin PBXProject section */
		E4800B151897FD9A00FCE147 /* Project object */ = {
			isa = PBXProject;
			attributes = {
				CLASSPREFIX = TSF;
				LastUpgradeCheck = 0500;
				ORGANIZATIONNAME = Defacto;
				TargetAttributes = {
					E4800B1C1897FD9A00FCE147 = {
						DevelopmentTeam = CF9WCHX389;
					};
					E4800B401897FD9A00FCE147 = {
						TestTargetID = E4800B1C1897FD9A00FCE147;
					};
				};
			};
			buildConfigurationList = E4800B181897FD9A00FCE147 /* Build configuration list for PBXProject "Three Sixty Feedback" */;
			compatibilityVersion = "Xcode 3.2";
			developmentRegion = English;
			hasScannedForEncodings = 0;
			knownRegions = (
				en,
				Base,
			);
			mainGroup = E4800B141897FD9A00FCE147;
			productRefGroup = E4800B1E1897FD9A00FCE147 /* Products */;
			projectDirPath = "";
			projectRoot = "";
			targets = (
				E4800B1C1897FD9A00FCE147 /* Three Sixty Feedback */,
				E4800B401897FD9A00FCE147 /* Three Sixty FeedbackTests */,
			);
		};
/* End PBXProject section */

/* Begin PBXResourcesBuildPhase section */
		E4800B1B1897FD9A00FCE147 /* Resources */ = {
			isa = PBXResourcesBuildPhase;
			buildActionMask = 2147483647;
			files = (
				E4800B371897FD9A00FCE147 /* Main_iPad.storyboard in Resources */,
				E4800B3C1897FD9A00FCE147 /* Images.xcassets in Resources */,
				E4800B341897FD9A00FCE147 /* Main_iPhone.storyboard in Resources */,
				E4800B2B1897FD9A00FCE147 /* InfoPlist.strings in Resources */,
			);
			runOnlyForDeploymentPostprocessing = 0;
		};
		E4800B3F1897FD9A00FCE147 /* Resources */ = {
			isa = PBXResourcesBuildPhase;
			buildActionMask = 2147483647;
			files = (
				E4800B4D1897FD9A00FCE147 /* InfoPlist.strings in Resources */,
			);
			runOnlyForDeploymentPostprocessing = 0;
		};
/* End PBXResourcesBuildPhase section */

/* Begin PBXShellScriptBuildPhase section */
		0E88067454464CCB8979B650 /* Check Pods Manifest.lock */ = {
			isa = PBXShellScriptBuildPhase;
			buildActionMask = 2147483647;
			files = (
			);
			inputPaths = (
			);
			name = "Check Pods Manifest.lock";
			outputPaths = (
			);
			runOnlyForDeploymentPostprocessing = 0;
			shellPath = /bin/sh;
			shellScript = "diff \"${PODS_ROOT}/../Podfile.lock\" \"${PODS_ROOT}/Manifest.lock\" > /dev/null\nif [[ $? != 0 ]] ; then\n    cat << EOM\nerror: The sandbox is not in sync with the Podfile.lock. Run 'pod install' or update your CocoaPods installation.\nEOM\n    exit 1\nfi\n";
			showEnvVarsInLog = 0;
		};
		56576D0BF44C4A489F6A5252 /* Copy Pods Resources */ = {
			isa = PBXShellScriptBuildPhase;
			buildActionMask = 2147483647;
			files = (
			);
			inputPaths = (
			);
			name = "Copy Pods Resources";
			outputPaths = (
			);
			runOnlyForDeploymentPostprocessing = 0;
			shellPath = /bin/sh;
			shellScript = "\"${SRCROOT}/Pods/Pods-Three Sixty Feedback-resources.sh\"\n";
			showEnvVarsInLog = 0;
		};
		9393B610F8224B18806E82E4 /* Check Pods Manifest.lock */ = {
			isa = PBXShellScriptBuildPhase;
			buildActionMask = 2147483647;
			files = (
			);
			inputPaths = (
			);
			name = "Check Pods Manifest.lock";
			outputPaths = (
			);
			runOnlyForDeploymentPostprocessing = 0;
			shellPath = /bin/sh;
			shellScript = "diff \"${PODS_ROOT}/../Podfile.lock\" \"${PODS_ROOT}/Manifest.lock\" > /dev/null\nif [[ $? != 0 ]] ; then\n    cat << EOM\nerror: The sandbox is not in sync with the Podfile.lock. Run 'pod install' or update your CocoaPods installation.\nEOM\n    exit 1\nfi\n";
			showEnvVarsInLog = 0;
		};
		F6230EF13B084862B2F9C6E7 /* Copy Pods Resources */ = {
			isa = PBXShellScriptBuildPhase;
			buildActionMask = 2147483647;
			files = (
			);
			inputPaths = (
			);
			name = "Copy Pods Resources";
			outputPaths = (
			);
			runOnlyForDeploymentPostprocessing = 0;
			shellPath = /bin/sh;
			shellScript = "\"${SRCROOT}/Pods/Pods-Three Sixty FeedbackTests-resources.sh\"\n";
			showEnvVarsInLog = 0;
		};
/* End PBXShellScriptBuildPhase section */

/* Begin PBXSourcesBuildPhase section */
		E4800B191897FD9A00FCE147 /* Sources */ = {
			isa = PBXSourcesBuildPhase;
			buildActionMask = 2147483647;
			files = (
				E4405871189A6EA1001AEE13 /* TSFCompetenceService.m in Sources */,
				E453D6F51899557400052854 /* TSFQuestionnaireService.m in Sources */,
				52ACE468189EC07C0095F650 /* TSFQuestionnaireIntroViewController.m in Sources */,
				52BE6F5218BCCA90000B2DC7 /* TSFUserQuestionnaireInfoViewController.m in Sources */,
				5295BC4318BCFD590081A158 /* NSDate+StringParsing.m in Sources */,
				5290DBBE18BBA8EE0074AF78 /* TSFQuestionnaireCell.m in Sources */,
				E455FF7C1899018A00F8C04C /* TSFQuestionnaire.m in Sources */,
				529F267618BB9E3C0088D0D2 /* TSFQuestionnairesTabBarController.m in Sources */,
				E4800B3A1897FD9A00FCE147 /* TSFViewController.m in Sources */,
				529F268E18BBA0310088D0D2 /* TSFMenuCell.m in Sources */,
				52E80F51189BE494007A8A48 /* TSFKeyBehaviourRatingView.m in Sources */,
				52BE6F6118BCE999000B2DC7 /* TSFUserQuestionnaireSplitViewController.m in Sources */,
				527AF14D18B6113400604A3A /* TSFUser.m in Sources */,
				E4800B311897FD9A00FCE147 /* TSFAppDelegate.m in Sources */,
				527AF15318B611AB00604A3A /* TSFUserMapper.m in Sources */,
				E4800B2D1897FD9A00FCE147 /* main.m in Sources */,
				E4C7F922189940A800B0E5F2 /* TSFCompetenceMapper.m in Sources */,
				E455FF82189905DB00F8C04C /* TSFCompetence.m in Sources */,
				52BE6F5E18BCDB89000B2DC7 /* TSFAssessorCell.m in Sources */,
				527FD0B9189DA634003E1E96 /* UIColor+TSFColor.m in Sources */,
				52BE6F4618BCA428000B2DC7 /* TSFCompletedQuestionnairesViewController.m in Sources */,
				526B425C18B5002100DC1310 /* TSFLoginViewController.m in Sources */,
				E455FF9518991D1A00F8C04C /* TSFQuestion.m in Sources */,
				529F267C18BB9E890088D0D2 /* TSFActiveQuestionnairesViewController.m in Sources */,
				5290DBC418BBB3070074AF78 /* TSFAssessor.m in Sources */,
				52E80F4A189BE1D4007A8A48 /* TSFCompetenceTitleCell.m in Sources */,
				E417281A18994C8000DD77B5 /* TSFQuestionnaireMapper.m in Sources */,
				52E80F4D189BE313007A8A48 /* TSFKeyBehaviourCell.m in Sources */,
				52ACE46E189EDC040095F650 /* TSFFinishQuestionnaireViewController.m in Sources */,
				526B426618B5069000DC1310 /* TSFSessionService.m in Sources */,
				529F268B18BB9F880088D0D2 /* TSFMenuViewController.m in Sources */,
				5290DBC718BBB3200074AF78 /* TSFAssessorMapper.m in Sources */,
				5226DBCE18B748B100CCDAE4 /* TSFPasswordRequestViewController.m in Sources */,
				52BE6F4F18BCB157000B2DC7 /* TSFUserQuestionnaireTabBarController.m in Sources */,
				E455FF8B18990E8200F8C04C /* TSFKeyBehaviour.m in Sources */,
				527AF15C18B62EE200604A3A /* TSFMainViewController.m in Sources */,
				E4A7D79B18997A2500276FC0 /* TSFAssessorService.m in Sources */,
				52BD22C618ABFE1900D14390 /* TSFCommentaryCell.m in Sources */,
				52BE6F5818BCD9F1000B2DC7 /* TSFUserQuestionnaireAssessorsViewController.m in Sources */,
				52ECB6EB189FF403007C7636 /* TSFBaseViewController.m in Sources */,
				52ECB6F718A0E511007C7636 /* TSFQuestionnaireViewController.m in Sources */,
				E4405874189A83BC001AEE13 /* TSFCompetenceViewController.m in Sources */,
				E4C7F9171899376100B0E5F2 /* TSFKeyBehaviourMapper.m in Sources */,
				E4C7F91F18993E5400B0E5F2 /* TSFQuestionMapper.m in Sources */,
				E429DD4E189807B300BAFEC4 /* TSFAPIClient.m in Sources */,
				522DB4AB189FB6BA002EE50D /* TSFHomeViewController.m in Sources */,
			);
			runOnlyForDeploymentPostprocessing = 0;
		};
		E4800B3D1897FD9A00FCE147 /* Sources */ = {
			isa = PBXSourcesBuildPhase;
			buildActionMask = 2147483647;
			files = (
				E455FF9218991CAA00F8C04C /* TSFQuestionSpec.m in Sources */,
				52BE6F5B18BCDA00000B2DC7 /* TSFUserQuestionnaireAssessorsViewControllerSpec.m in Sources */,
				52ECB6F418A0E481007C7636 /* TSFQuestionnaireViewControllerSpec.m in Sources */,
				522662DC18BB6759001797EF /* TSFCompetenceViewControllerSpec.m in Sources */,
				529269A218BCA16F0052813A /* TSFCompletedQuestionnairesViewControllerSpec.m in Sources */,
				0765E140189968D800D64B2B /* TSFAppDelegateSpec.m in Sources */,
				E4C7F91C18993E1300B0E5F2 /* TSFQuestionMapperSpec.m in Sources */,
				E417281718994A7A00DD77B5 /* TSFQuestionnaireMapperSpec.m in Sources */,
				529F268818BB9F450088D0D2 /* TSFMenuViewControllerSpec.m in Sources */,
				529F268518BB9F100088D0D2 /* TSFQuestionnairesTabBarControllerSpec.m in Sources */,
				5295BC4018BCFCAF0081A158 /* TSFAssessorMapperSpec.m in Sources */,
				529B508118BB55350089CC4A /* TSFMainViewControllerSpec.m in Sources */,
				529F268218BB9EE00088D0D2 /* TSFActiveQuestionnairesViewControllerSpec.m in Sources */,
				E455FF7F189904A200F8C04C /* TSFCompetenceSpec.m in Sources */,
				526B426918B506AC00DC1310 /* TSFSessionServiceSpec.m in Sources */,
				E455FF791899004F00F8C04C /* TSFQuestionnaireSpec.m in Sources */,
				E4C7F924189940B400B0E5F2 /* TSFCompetenceMapperSpec.m in Sources */,
				522DB4AE189FB807002EE50D /* TSFHomeViewControllerSpec.m in Sources */,
				52BE6F4C18BCB12B000B2DC7 /* TSFUserQuestionnaireTabBarControllerSpec.m in Sources */,
				E453D6F21899552000052854 /* TSFQuestionnaireServiceSpec.m in Sources */,
				E455FF8518990DB000F8C04C /* TSFKeyBehaviourSpec.m in Sources */,
				5290DBC118BBACEF0074AF78 /* TSFQuestionnaireIntroViewControllerSpec.m in Sources */,
				527AF15618B611C100604A3A /* TSFUserMapperSpec.m in Sources */,
				E429DD51189809A400BAFEC4 /* TSFAPIClientSpec.m in Sources */,
				E440586E189A6E30001AEE13 /* TSFCompetenceServiceSpec.m in Sources */,
				52BE6F5518BCCAA2000B2DC7 /* TSFUserQuestionnaireInfoViewControllerSpec.m in Sources */,
				E4A7D79D18997A3A00276FC0 /* TSFAssessorServiceSpec.m in Sources */,
				529B507F18BB55050089CC4A /* TSFPasswordRequestViewControllerSpec.m in Sources */,
				E4C7F91A1899380900B0E5F2 /* TSFKeyBehaviourMapperSpec.m in Sources */,
				527AF15018B6114100604A3A /* TSFUserSpec.m in Sources */,
			);
			runOnlyForDeploymentPostprocessing = 0;
		};
/* End PBXSourcesBuildPhase section */

/* Begin PBXTargetDependency section */
		E4800B471897FD9A00FCE147 /* PBXTargetDependency */ = {
			isa = PBXTargetDependency;
			target = E4800B1C1897FD9A00FCE147 /* Three Sixty Feedback */;
			targetProxy = E4800B461897FD9A00FCE147 /* PBXContainerItemProxy */;
		};
/* End PBXTargetDependency section */

/* Begin PBXVariantGroup section */
		E4800B291897FD9A00FCE147 /* InfoPlist.strings */ = {
			isa = PBXVariantGroup;
			children = (
				E4800B2A1897FD9A00FCE147 /* en */,
			);
			name = InfoPlist.strings;
			sourceTree = "<group>";
		};
		E4800B321897FD9A00FCE147 /* Main_iPhone.storyboard */ = {
			isa = PBXVariantGroup;
			children = (
				E4800B331897FD9A00FCE147 /* Base */,
			);
			name = Main_iPhone.storyboard;
			sourceTree = "<group>";
		};
		E4800B351897FD9A00FCE147 /* Main_iPad.storyboard */ = {
			isa = PBXVariantGroup;
			children = (
				E4800B361897FD9A00FCE147 /* Base */,
			);
			name = Main_iPad.storyboard;
			sourceTree = "<group>";
		};
		E4800B4B1897FD9A00FCE147 /* InfoPlist.strings */ = {
			isa = PBXVariantGroup;
			children = (
				E4800B4C1897FD9A00FCE147 /* en */,
			);
			name = InfoPlist.strings;
			sourceTree = "<group>";
		};
/* End PBXVariantGroup section */

/* Begin XCBuildConfiguration section */
		E4800B501897FD9A00FCE147 /* Debug */ = {
			isa = XCBuildConfiguration;
			buildSettings = {
				ALWAYS_SEARCH_USER_PATHS = NO;
				ARCHS = "$(ARCHS_STANDARD_INCLUDING_64_BIT)";
				CLANG_CXX_LANGUAGE_STANDARD = "gnu++0x";
				CLANG_CXX_LIBRARY = "libc++";
				CLANG_ENABLE_MODULES = YES;
				CLANG_ENABLE_OBJC_ARC = YES;
				CLANG_WARN_BOOL_CONVERSION = YES;
				CLANG_WARN_CONSTANT_CONVERSION = YES;
				CLANG_WARN_DIRECT_OBJC_ISA_USAGE = YES_ERROR;
				CLANG_WARN_EMPTY_BODY = YES;
				CLANG_WARN_ENUM_CONVERSION = YES;
				CLANG_WARN_INT_CONVERSION = YES;
				CLANG_WARN_OBJC_ROOT_CLASS = YES_ERROR;
				CLANG_WARN__DUPLICATE_METHOD_MATCH = YES;
				"CODE_SIGN_IDENTITY[sdk=iphoneos*]" = "iPhone Developer";
				COPY_PHASE_STRIP = NO;
				GCC_C_LANGUAGE_STANDARD = gnu99;
				GCC_DYNAMIC_NO_PIC = NO;
				GCC_OPTIMIZATION_LEVEL = 0;
				GCC_PREPROCESSOR_DEFINITIONS = (
					"DEBUG=1",
					"$(inherited)",
				);
				GCC_SYMBOLS_PRIVATE_EXTERN = NO;
				GCC_WARN_64_TO_32_BIT_CONVERSION = YES;
				GCC_WARN_ABOUT_RETURN_TYPE = YES_ERROR;
				GCC_WARN_UNDECLARED_SELECTOR = YES;
				GCC_WARN_UNINITIALIZED_AUTOS = YES;
				GCC_WARN_UNUSED_FUNCTION = YES;
				GCC_WARN_UNUSED_VARIABLE = YES;
				IPHONEOS_DEPLOYMENT_TARGET = 7.0;
				ONLY_ACTIVE_ARCH = YES;
				SDKROOT = iphoneos;
				TARGETED_DEVICE_FAMILY = "1,2";
			};
			name = Debug;
		};
		E4800B511897FD9A00FCE147 /* Release */ = {
			isa = XCBuildConfiguration;
			buildSettings = {
				ALWAYS_SEARCH_USER_PATHS = NO;
				ARCHS = "$(ARCHS_STANDARD_INCLUDING_64_BIT)";
				CLANG_CXX_LANGUAGE_STANDARD = "gnu++0x";
				CLANG_CXX_LIBRARY = "libc++";
				CLANG_ENABLE_MODULES = YES;
				CLANG_ENABLE_OBJC_ARC = YES;
				CLANG_WARN_BOOL_CONVERSION = YES;
				CLANG_WARN_CONSTANT_CONVERSION = YES;
				CLANG_WARN_DIRECT_OBJC_ISA_USAGE = YES_ERROR;
				CLANG_WARN_EMPTY_BODY = YES;
				CLANG_WARN_ENUM_CONVERSION = YES;
				CLANG_WARN_INT_CONVERSION = YES;
				CLANG_WARN_OBJC_ROOT_CLASS = YES_ERROR;
				CLANG_WARN__DUPLICATE_METHOD_MATCH = YES;
				"CODE_SIGN_IDENTITY[sdk=iphoneos*]" = "iPhone Developer";
				COPY_PHASE_STRIP = YES;
				ENABLE_NS_ASSERTIONS = NO;
				GCC_C_LANGUAGE_STANDARD = gnu99;
				GCC_WARN_64_TO_32_BIT_CONVERSION = YES;
				GCC_WARN_ABOUT_RETURN_TYPE = YES_ERROR;
				GCC_WARN_UNDECLARED_SELECTOR = YES;
				GCC_WARN_UNINITIALIZED_AUTOS = YES;
				GCC_WARN_UNUSED_FUNCTION = YES;
				GCC_WARN_UNUSED_VARIABLE = YES;
				IPHONEOS_DEPLOYMENT_TARGET = 7.0;
				SDKROOT = iphoneos;
				TARGETED_DEVICE_FAMILY = "1,2";
				VALIDATE_PRODUCT = YES;
			};
			name = Release;
		};
		E4800B531897FD9A00FCE147 /* Debug */ = {
			isa = XCBuildConfiguration;
			baseConfigurationReference = 62C58F47C5FD4310BB92989F /* Pods-Three Sixty Feedback.xcconfig */;
			buildSettings = {
				ASSETCATALOG_COMPILER_APPICON_NAME = AppIcon;
				ASSETCATALOG_COMPILER_LAUNCHIMAGE_NAME = LaunchImage;
				CODE_SIGN_IDENTITY = "iPhone Developer";
				"CODE_SIGN_IDENTITY[sdk=iphoneos*]" = "iPhone Developer";
				GCC_PRECOMPILE_PREFIX_HEADER = YES;
				GCC_PREFIX_HEADER = "Three Sixty Feedback/Three Sixty Feedback-Prefix.pch";
				INFOPLIST_FILE = "Three Sixty Feedback/Three Sixty Feedback-Info.plist";
				PRODUCT_NAME = "$(TARGET_NAME)";
				PROVISIONING_PROFILE = "";
				WRAPPER_EXTENSION = app;
			};
			name = Debug;
		};
		E4800B541897FD9A00FCE147 /* Release */ = {
			isa = XCBuildConfiguration;
			baseConfigurationReference = 62C58F47C5FD4310BB92989F /* Pods-Three Sixty Feedback.xcconfig */;
			buildSettings = {
				ASSETCATALOG_COMPILER_APPICON_NAME = AppIcon;
				ASSETCATALOG_COMPILER_LAUNCHIMAGE_NAME = LaunchImage;
				CODE_SIGN_IDENTITY = "iPhone Developer";
				"CODE_SIGN_IDENTITY[sdk=iphoneos*]" = "iPhone Developer";
				GCC_PRECOMPILE_PREFIX_HEADER = YES;
				GCC_PREFIX_HEADER = "Three Sixty Feedback/Three Sixty Feedback-Prefix.pch";
				INFOPLIST_FILE = "Three Sixty Feedback/Three Sixty Feedback-Info.plist";
				PRODUCT_NAME = "$(TARGET_NAME)";
				PROVISIONING_PROFILE = "";
				WRAPPER_EXTENSION = app;
			};
			name = Release;
		};
		E4800B561897FD9A00FCE147 /* Debug */ = {
			isa = XCBuildConfiguration;
			baseConfigurationReference = C40122A55ED3419EAD72E502 /* Pods-Three Sixty FeedbackTests.xcconfig */;
			buildSettings = {
				ARCHS = "$(ARCHS_STANDARD_INCLUDING_64_BIT)";
				BUNDLE_LOADER = "$(BUILT_PRODUCTS_DIR)/Three Sixty Feedback.app/Three Sixty Feedback";
				FRAMEWORK_SEARCH_PATHS = (
					"$(SDKROOT)/Developer/Library/Frameworks",
					"$(inherited)",
					"$(DEVELOPER_FRAMEWORKS_DIR)",
				);
				GCC_PRECOMPILE_PREFIX_HEADER = YES;
				GCC_PREFIX_HEADER = "Three Sixty Feedback/Three Sixty Feedback-Prefix.pch";
				GCC_PREPROCESSOR_DEFINITIONS = (
					"DEBUG=1",
					"$(inherited)",
				);
				INFOPLIST_FILE = "Three Sixty FeedbackTests/Three Sixty FeedbackTests-Info.plist";
				PRODUCT_NAME = "$(TARGET_NAME)";
				TEST_HOST = "$(BUNDLE_LOADER)";
				WRAPPER_EXTENSION = xctest;
			};
			name = Debug;
		};
		E4800B571897FD9A00FCE147 /* Release */ = {
			isa = XCBuildConfiguration;
			baseConfigurationReference = C40122A55ED3419EAD72E502 /* Pods-Three Sixty FeedbackTests.xcconfig */;
			buildSettings = {
				ARCHS = "$(ARCHS_STANDARD_INCLUDING_64_BIT)";
				BUNDLE_LOADER = "$(BUILT_PRODUCTS_DIR)/Three Sixty Feedback.app/Three Sixty Feedback";
				FRAMEWORK_SEARCH_PATHS = (
					"$(SDKROOT)/Developer/Library/Frameworks",
					"$(inherited)",
					"$(DEVELOPER_FRAMEWORKS_DIR)",
				);
				GCC_PRECOMPILE_PREFIX_HEADER = YES;
				GCC_PREFIX_HEADER = "Three Sixty Feedback/Three Sixty Feedback-Prefix.pch";
				INFOPLIST_FILE = "Three Sixty FeedbackTests/Three Sixty FeedbackTests-Info.plist";
				PRODUCT_NAME = "$(TARGET_NAME)";
				TEST_HOST = "$(BUNDLE_LOADER)";
				WRAPPER_EXTENSION = xctest;
			};
			name = Release;
		};
/* End XCBuildConfiguration section */

/* Begin XCConfigurationList section */
		E4800B181897FD9A00FCE147 /* Build configuration list for PBXProject "Three Sixty Feedback" */ = {
			isa = XCConfigurationList;
			buildConfigurations = (
				E4800B501897FD9A00FCE147 /* Debug */,
				E4800B511897FD9A00FCE147 /* Release */,
			);
			defaultConfigurationIsVisible = 0;
			defaultConfigurationName = Release;
		};
		E4800B521897FD9A00FCE147 /* Build configuration list for PBXNativeTarget "Three Sixty Feedback" */ = {
			isa = XCConfigurationList;
			buildConfigurations = (
				E4800B531897FD9A00FCE147 /* Debug */,
				E4800B541897FD9A00FCE147 /* Release */,
			);
			defaultConfigurationIsVisible = 0;
			defaultConfigurationName = Release;
		};
		E4800B551897FD9A00FCE147 /* Build configuration list for PBXNativeTarget "Three Sixty FeedbackTests" */ = {
			isa = XCConfigurationList;
			buildConfigurations = (
				E4800B561897FD9A00FCE147 /* Debug */,
				E4800B571897FD9A00FCE147 /* Release */,
			);
			defaultConfigurationIsVisible = 0;
			defaultConfigurationName = Release;
		};
/* End XCConfigurationList section */
	};
	rootObject = E4800B151897FD9A00FCE147 /* Project object */;
}
