// !$*UTF8*$!
{
	archiveVersion = 1;
	classes = {
	};
	objectVersion = 46;
	objects = {

/* Begin PBXBuildFile section */
		10E60C29E1EF4AFE963BD5CE /* libPods-Three Sixty FeedbackTests.a in Frameworks */ = {isa = PBXBuildFile; fileRef = 30296737650743E89942BB02 /* libPods-Three Sixty FeedbackTests.a */; };
		E417281718994A7A00DD77B5 /* TSFQuestionnaireMapperSpec.m in Sources */ = {isa = PBXBuildFile; fileRef = E417281618994A7A00DD77B5 /* TSFQuestionnaireMapperSpec.m */; };
		E417281A18994C8000DD77B5 /* TSFQuestionnaireMapper.m in Sources */ = {isa = PBXBuildFile; fileRef = E417281918994C8000DD77B5 /* TSFQuestionnaireMapper.m */; };
		E429DD4E189807B300BAFEC4 /* TSFAPIClient.m in Sources */ = {isa = PBXBuildFile; fileRef = E429DD4D189807B300BAFEC4 /* TSFAPIClient.m */; };
		E429DD51189809A400BAFEC4 /* TSFAPIClientSpec.m in Sources */ = {isa = PBXBuildFile; fileRef = E429DD50189809A400BAFEC4 /* TSFAPIClientSpec.m */; };
		E455FF791899004F00F8C04C /* TSFQuestionnaireSpec.m in Sources */ = {isa = PBXBuildFile; fileRef = E455FF781899004F00F8C04C /* TSFQuestionnaireSpec.m */; };
		E455FF7C1899018A00F8C04C /* TSFQuestionnaire.m in Sources */ = {isa = PBXBuildFile; fileRef = E455FF7B1899018A00F8C04C /* TSFQuestionnaire.m */; };
		E455FF7F189904A200F8C04C /* TSFCompetenceSpec.m in Sources */ = {isa = PBXBuildFile; fileRef = E455FF7E189904A200F8C04C /* TSFCompetenceSpec.m */; };
		E455FF82189905DB00F8C04C /* TSFCompetence.m in Sources */ = {isa = PBXBuildFile; fileRef = E455FF81189905DB00F8C04C /* TSFCompetence.m */; };
		E455FF8518990DB000F8C04C /* TSFKeyBehaviourSpec.m in Sources */ = {isa = PBXBuildFile; fileRef = E455FF8418990DB000F8C04C /* TSFKeyBehaviourSpec.m */; };
		E455FF8B18990E8200F8C04C /* TSFKeyBehaviour.m in Sources */ = {isa = PBXBuildFile; fileRef = E455FF8A18990E8200F8C04C /* TSFKeyBehaviour.m */; };
		E455FF9218991CAA00F8C04C /* TSFQuestionSpec.m in Sources */ = {isa = PBXBuildFile; fileRef = E455FF9118991CAA00F8C04C /* TSFQuestionSpec.m */; };
		E455FF9518991D1A00F8C04C /* TSFQuestion.m in Sources */ = {isa = PBXBuildFile; fileRef = E455FF9418991D1A00F8C04C /* TSFQuestion.m */; };
		E4800B211897FD9A00FCE147 /* Foundation.framework in Frameworks */ = {isa = PBXBuildFile; fileRef = E4800B201897FD9A00FCE147 /* Foundation.framework */; };
		E4800B231897FD9A00FCE147 /* CoreGraphics.framework in Frameworks */ = {isa = PBXBuildFile; fileRef = E4800B221897FD9A00FCE147 /* CoreGraphics.framework */; };
		E4800B251897FD9A00FCE147 /* UIKit.framework in Frameworks */ = {isa = PBXBuildFile; fileRef = E4800B241897FD9A00FCE147 /* UIKit.framework */; };
		E4800B2B1897FD9A00FCE147 /* InfoPlist.strings in Resources */ = {isa = PBXBuildFile; fileRef = E4800B291897FD9A00FCE147 /* InfoPlist.strings */; };
		E4800B2D1897FD9A00FCE147 /* main.m in Sources */ = {isa = PBXBuildFile; fileRef = E4800B2C1897FD9A00FCE147 /* main.m */; };
		E4800B311897FD9A00FCE147 /* TSFAppDelegate.m in Sources */ = {isa = PBXBuildFile; fileRef = E4800B301897FD9A00FCE147 /* TSFAppDelegate.m */; };
		E4800B341897FD9A00FCE147 /* Main_iPhone.storyboard in Resources */ = {isa = PBXBuildFile; fileRef = E4800B321897FD9A00FCE147 /* Main_iPhone.storyboard */; };
		E4800B371897FD9A00FCE147 /* Main_iPad.storyboard in Resources */ = {isa = PBXBuildFile; fileRef = E4800B351897FD9A00FCE147 /* Main_iPad.storyboard */; };
		E4800B3A1897FD9A00FCE147 /* TSFViewController.m in Sources */ = {isa = PBXBuildFile; fileRef = E4800B391897FD9A00FCE147 /* TSFViewController.m */; };
		E4800B3C1897FD9A00FCE147 /* Images.xcassets in Resources */ = {isa = PBXBuildFile; fileRef = E4800B3B1897FD9A00FCE147 /* Images.xcassets */; };
		E4800B431897FD9A00FCE147 /* XCTest.framework in Frameworks */ = {isa = PBXBuildFile; fileRef = E4800B421897FD9A00FCE147 /* XCTest.framework */; };
		E4800B441897FD9A00FCE147 /* Foundation.framework in Frameworks */ = {isa = PBXBuildFile; fileRef = E4800B201897FD9A00FCE147 /* Foundation.framework */; };
		E4800B451897FD9A00FCE147 /* UIKit.framework in Frameworks */ = {isa = PBXBuildFile; fileRef = E4800B241897FD9A00FCE147 /* UIKit.framework */; };
		E4800B4D1897FD9A00FCE147 /* InfoPlist.strings in Resources */ = {isa = PBXBuildFile; fileRef = E4800B4B1897FD9A00FCE147 /* InfoPlist.strings */; };
		E4C7F9171899376100B0E5F2 /* TSFKeyBehaviourMapper.m in Sources */ = {isa = PBXBuildFile; fileRef = E4C7F9161899376100B0E5F2 /* TSFKeyBehaviourMapper.m */; };
		E4C7F91A1899380900B0E5F2 /* TSFKeyBehaviourMapperSpec.m in Sources */ = {isa = PBXBuildFile; fileRef = E4C7F9191899380900B0E5F2 /* TSFKeyBehaviourMapperSpec.m */; };
		E4C7F91C18993E1300B0E5F2 /* TSFQuestionMapperSpec.m in Sources */ = {isa = PBXBuildFile; fileRef = E4C7F91B18993E1300B0E5F2 /* TSFQuestionMapperSpec.m */; };
		E4C7F91F18993E5400B0E5F2 /* TSFQuestionMapper.m in Sources */ = {isa = PBXBuildFile; fileRef = E4C7F91E18993E5400B0E5F2 /* TSFQuestionMapper.m */; };
		E4C7F922189940A800B0E5F2 /* TSFCompetenceMapper.m in Sources */ = {isa = PBXBuildFile; fileRef = E4C7F921189940A800B0E5F2 /* TSFCompetenceMapper.m */; };
		E4C7F924189940B400B0E5F2 /* TSFCompetenceMapperSpec.m in Sources */ = {isa = PBXBuildFile; fileRef = E4C7F923189940B400B0E5F2 /* TSFCompetenceMapperSpec.m */; };
		F0FBDD2E96ED4C558BDC16E7 /* libPods-Three Sixty Feedback.a in Frameworks */ = {isa = PBXBuildFile; fileRef = 02440D1D9DA543F999900FB9 /* libPods-Three Sixty Feedback.a */; };
/* End PBXBuildFile section */

/* Begin PBXContainerItemProxy section */
		E4800B461897FD9A00FCE147 /* PBXContainerItemProxy */ = {
			isa = PBXContainerItemProxy;
			containerPortal = E4800B151897FD9A00FCE147 /* Project object */;
			proxyType = 1;
			remoteGlobalIDString = E4800B1C1897FD9A00FCE147;
			remoteInfo = "Three Sixty Feedback";
		};
/* End PBXContainerItemProxy section */

/* Begin PBXFileReference section */
		02440D1D9DA543F999900FB9 /* libPods-Three Sixty Feedback.a */ = {isa = PBXFileReference; explicitFileType = archive.ar; includeInIndex = 0; path = "libPods-Three Sixty Feedback.a"; sourceTree = BUILT_PRODUCTS_DIR; };
		30296737650743E89942BB02 /* libPods-Three Sixty FeedbackTests.a */ = {isa = PBXFileReference; explicitFileType = archive.ar; includeInIndex = 0; path = "libPods-Three Sixty FeedbackTests.a"; sourceTree = BUILT_PRODUCTS_DIR; };
		62C58F47C5FD4310BB92989F /* Pods-Three Sixty Feedback.xcconfig */ = {isa = PBXFileReference; includeInIndex = 1; lastKnownFileType = text.xcconfig; name = "Pods-Three Sixty Feedback.xcconfig"; path = "Pods/Pods-Three Sixty Feedback.xcconfig"; sourceTree = "<group>"; };
		C40122A55ED3419EAD72E502 /* Pods-Three Sixty FeedbackTests.xcconfig */ = {isa = PBXFileReference; includeInIndex = 1; lastKnownFileType = text.xcconfig; name = "Pods-Three Sixty FeedbackTests.xcconfig"; path = "Pods/Pods-Three Sixty FeedbackTests.xcconfig"; sourceTree = "<group>"; };
		E417281618994A7A00DD77B5 /* TSFQuestionnaireMapperSpec.m */ = {isa = PBXFileReference; fileEncoding = 4; lastKnownFileType = sourcecode.c.objc; name = TSFQuestionnaireMapperSpec.m; path = Models/Mappers/TSFQuestionnaireMapperSpec.m; sourceTree = "<group>"; };
		E417281818994C8000DD77B5 /* TSFQuestionnaireMapper.h */ = {isa = PBXFileReference; fileEncoding = 4; lastKnownFileType = sourcecode.c.h; name = TSFQuestionnaireMapper.h; path = Models/Mappers/TSFQuestionnaireMapper.h; sourceTree = "<group>"; };
		E417281918994C8000DD77B5 /* TSFQuestionnaireMapper.m */ = {isa = PBXFileReference; fileEncoding = 4; lastKnownFileType = sourcecode.c.objc; name = TSFQuestionnaireMapper.m; path = Models/Mappers/TSFQuestionnaireMapper.m; sourceTree = "<group>"; };
		E429DD4C189807B300BAFEC4 /* TSFAPIClient.h */ = {isa = PBXFileReference; fileEncoding = 4; lastKnownFileType = sourcecode.c.h; name = TSFAPIClient.h; path = Networking/TSFAPIClient.h; sourceTree = "<group>"; };
		E429DD4D189807B300BAFEC4 /* TSFAPIClient.m */ = {isa = PBXFileReference; fileEncoding = 4; lastKnownFileType = sourcecode.c.objc; name = TSFAPIClient.m; path = Networking/TSFAPIClient.m; sourceTree = "<group>"; };
		E429DD50189809A400BAFEC4 /* TSFAPIClientSpec.m */ = {isa = PBXFileReference; fileEncoding = 4; lastKnownFileType = sourcecode.c.objc; name = TSFAPIClientSpec.m; path = Networking/TSFAPIClientSpec.m; sourceTree = "<group>"; };
		E455FF781899004F00F8C04C /* TSFQuestionnaireSpec.m */ = {isa = PBXFileReference; fileEncoding = 4; lastKnownFileType = sourcecode.c.objc; name = TSFQuestionnaireSpec.m; path = Models/TSFQuestionnaireSpec.m; sourceTree = "<group>"; };
		E455FF7A1899018A00F8C04C /* TSFQuestionnaire.h */ = {isa = PBXFileReference; fileEncoding = 4; lastKnownFileType = sourcecode.c.h; name = TSFQuestionnaire.h; path = Models/TSFQuestionnaire.h; sourceTree = "<group>"; };
		E455FF7B1899018A00F8C04C /* TSFQuestionnaire.m */ = {isa = PBXFileReference; fileEncoding = 4; lastKnownFileType = sourcecode.c.objc; name = TSFQuestionnaire.m; path = Models/TSFQuestionnaire.m; sourceTree = "<group>"; };
		E455FF7E189904A200F8C04C /* TSFCompetenceSpec.m */ = {isa = PBXFileReference; fileEncoding = 4; lastKnownFileType = sourcecode.c.objc; name = TSFCompetenceSpec.m; path = Models/TSFCompetenceSpec.m; sourceTree = "<group>"; };
		E455FF80189905DB00F8C04C /* TSFCompetence.h */ = {isa = PBXFileReference; fileEncoding = 4; lastKnownFileType = sourcecode.c.h; name = TSFCompetence.h; path = Models/TSFCompetence.h; sourceTree = "<group>"; };
		E455FF81189905DB00F8C04C /* TSFCompetence.m */ = {isa = PBXFileReference; fileEncoding = 4; lastKnownFileType = sourcecode.c.objc; name = TSFCompetence.m; path = Models/TSFCompetence.m; sourceTree = "<group>"; };
		E455FF8418990DB000F8C04C /* TSFKeyBehaviourSpec.m */ = {isa = PBXFileReference; fileEncoding = 4; lastKnownFileType = sourcecode.c.objc; name = TSFKeyBehaviourSpec.m; path = Models/TSFKeyBehaviourSpec.m; sourceTree = "<group>"; };
		E455FF8918990E8200F8C04C /* TSFKeyBehaviour.h */ = {isa = PBXFileReference; fileEncoding = 4; lastKnownFileType = sourcecode.c.h; name = TSFKeyBehaviour.h; path = Models/TSFKeyBehaviour.h; sourceTree = "<group>"; };
		E455FF8A18990E8200F8C04C /* TSFKeyBehaviour.m */ = {isa = PBXFileReference; fileEncoding = 4; lastKnownFileType = sourcecode.c.objc; name = TSFKeyBehaviour.m; path = Models/TSFKeyBehaviour.m; sourceTree = "<group>"; };
		E455FF9118991CAA00F8C04C /* TSFQuestionSpec.m */ = {isa = PBXFileReference; fileEncoding = 4; lastKnownFileType = sourcecode.c.objc; name = TSFQuestionSpec.m; path = Models/TSFQuestionSpec.m; sourceTree = "<group>"; };
		E455FF9318991D1A00F8C04C /* TSFQuestion.h */ = {isa = PBXFileReference; fileEncoding = 4; lastKnownFileType = sourcecode.c.h; name = TSFQuestion.h; path = Models/TSFQuestion.h; sourceTree = "<group>"; };
		E455FF9418991D1A00F8C04C /* TSFQuestion.m */ = {isa = PBXFileReference; fileEncoding = 4; lastKnownFileType = sourcecode.c.objc; name = TSFQuestion.m; path = Models/TSFQuestion.m; sourceTree = "<group>"; };
		E4800B1D1897FD9A00FCE147 /* Three Sixty Feedback.app */ = {isa = PBXFileReference; explicitFileType = wrapper.application; includeInIndex = 0; path = "Three Sixty Feedback.app"; sourceTree = BUILT_PRODUCTS_DIR; };
		E4800B201897FD9A00FCE147 /* Foundation.framework */ = {isa = PBXFileReference; lastKnownFileType = wrapper.framework; name = Foundation.framework; path = System/Library/Frameworks/Foundation.framework; sourceTree = SDKROOT; };
		E4800B221897FD9A00FCE147 /* CoreGraphics.framework */ = {isa = PBXFileReference; lastKnownFileType = wrapper.framework; name = CoreGraphics.framework; path = System/Library/Frameworks/CoreGraphics.framework; sourceTree = SDKROOT; };
		E4800B241897FD9A00FCE147 /* UIKit.framework */ = {isa = PBXFileReference; lastKnownFileType = wrapper.framework; name = UIKit.framework; path = System/Library/Frameworks/UIKit.framework; sourceTree = SDKROOT; };
		E4800B281897FD9A00FCE147 /* Three Sixty Feedback-Info.plist */ = {isa = PBXFileReference; lastKnownFileType = text.plist.xml; path = "Three Sixty Feedback-Info.plist"; sourceTree = "<group>"; };
		E4800B2A1897FD9A00FCE147 /* en */ = {isa = PBXFileReference; lastKnownFileType = text.plist.strings; name = en; path = en.lproj/InfoPlist.strings; sourceTree = "<group>"; };
		E4800B2C1897FD9A00FCE147 /* main.m */ = {isa = PBXFileReference; lastKnownFileType = sourcecode.c.objc; path = main.m; sourceTree = "<group>"; };
		E4800B2E1897FD9A00FCE147 /* Three Sixty Feedback-Prefix.pch */ = {isa = PBXFileReference; lastKnownFileType = sourcecode.c.h; path = "Three Sixty Feedback-Prefix.pch"; sourceTree = "<group>"; };
		E4800B2F1897FD9A00FCE147 /* TSFAppDelegate.h */ = {isa = PBXFileReference; lastKnownFileType = sourcecode.c.h; path = TSFAppDelegate.h; sourceTree = "<group>"; };
		E4800B301897FD9A00FCE147 /* TSFAppDelegate.m */ = {isa = PBXFileReference; lastKnownFileType = sourcecode.c.objc; path = TSFAppDelegate.m; sourceTree = "<group>"; };
		E4800B331897FD9A00FCE147 /* Base */ = {isa = PBXFileReference; lastKnownFileType = file.storyboard; name = Base; path = Base.lproj/Main_iPhone.storyboard; sourceTree = "<group>"; };
		E4800B361897FD9A00FCE147 /* Base */ = {isa = PBXFileReference; lastKnownFileType = file.storyboard; name = Base; path = Base.lproj/Main_iPad.storyboard; sourceTree = "<group>"; };
		E4800B381897FD9A00FCE147 /* TSFViewController.h */ = {isa = PBXFileReference; lastKnownFileType = sourcecode.c.h; path = TSFViewController.h; sourceTree = "<group>"; };
		E4800B391897FD9A00FCE147 /* TSFViewController.m */ = {isa = PBXFileReference; lastKnownFileType = sourcecode.c.objc; path = TSFViewController.m; sourceTree = "<group>"; };
		E4800B3B1897FD9A00FCE147 /* Images.xcassets */ = {isa = PBXFileReference; lastKnownFileType = folder.assetcatalog; path = Images.xcassets; sourceTree = "<group>"; };
		E4800B411897FD9A00FCE147 /* Three Sixty FeedbackTests.xctest */ = {isa = PBXFileReference; explicitFileType = wrapper.cfbundle; includeInIndex = 0; path = "Three Sixty FeedbackTests.xctest"; sourceTree = BUILT_PRODUCTS_DIR; };
		E4800B421897FD9A00FCE147 /* XCTest.framework */ = {isa = PBXFileReference; lastKnownFileType = wrapper.framework; name = XCTest.framework; path = Library/Frameworks/XCTest.framework; sourceTree = DEVELOPER_DIR; };
		E4800B4A1897FD9A00FCE147 /* Three Sixty FeedbackTests-Info.plist */ = {isa = PBXFileReference; lastKnownFileType = text.plist.xml; path = "Three Sixty FeedbackTests-Info.plist"; sourceTree = "<group>"; };
		E4800B4C1897FD9A00FCE147 /* en */ = {isa = PBXFileReference; lastKnownFileType = text.plist.strings; name = en; path = en.lproj/InfoPlist.strings; sourceTree = "<group>"; };
		E4C7F9151899376100B0E5F2 /* TSFKeyBehaviourMapper.h */ = {isa = PBXFileReference; fileEncoding = 4; lastKnownFileType = sourcecode.c.h; name = TSFKeyBehaviourMapper.h; path = Models/Mappers/TSFKeyBehaviourMapper.h; sourceTree = "<group>"; };
		E4C7F9161899376100B0E5F2 /* TSFKeyBehaviourMapper.m */ = {isa = PBXFileReference; fileEncoding = 4; lastKnownFileType = sourcecode.c.objc; name = TSFKeyBehaviourMapper.m; path = Models/Mappers/TSFKeyBehaviourMapper.m; sourceTree = "<group>"; };
		E4C7F9191899380900B0E5F2 /* TSFKeyBehaviourMapperSpec.m */ = {isa = PBXFileReference; fileEncoding = 4; lastKnownFileType = sourcecode.c.objc; name = TSFKeyBehaviourMapperSpec.m; path = Models/Mappers/TSFKeyBehaviourMapperSpec.m; sourceTree = "<group>"; };
		E4C7F91B18993E1300B0E5F2 /* TSFQuestionMapperSpec.m */ = {isa = PBXFileReference; fileEncoding = 4; lastKnownFileType = sourcecode.c.objc; name = TSFQuestionMapperSpec.m; path = Models/Mappers/TSFQuestionMapperSpec.m; sourceTree = "<group>"; };
		E4C7F91D18993E5400B0E5F2 /* TSFQuestionMapper.h */ = {isa = PBXFileReference; fileEncoding = 4; lastKnownFileType = sourcecode.c.h; name = TSFQuestionMapper.h; path = Models/Mappers/TSFQuestionMapper.h; sourceTree = "<group>"; };
		E4C7F91E18993E5400B0E5F2 /* TSFQuestionMapper.m */ = {isa = PBXFileReference; fileEncoding = 4; lastKnownFileType = sourcecode.c.objc; name = TSFQuestionMapper.m; path = Models/Mappers/TSFQuestionMapper.m; sourceTree = "<group>"; };
		E4C7F920189940A800B0E5F2 /* TSFCompetenceMapper.h */ = {isa = PBXFileReference; fileEncoding = 4; lastKnownFileType = sourcecode.c.h; name = TSFCompetenceMapper.h; path = Models/Mappers/TSFCompetenceMapper.h; sourceTree = "<group>"; };
		E4C7F921189940A800B0E5F2 /* TSFCompetenceMapper.m */ = {isa = PBXFileReference; fileEncoding = 4; lastKnownFileType = sourcecode.c.objc; name = TSFCompetenceMapper.m; path = Models/Mappers/TSFCompetenceMapper.m; sourceTree = "<group>"; };
		E4C7F923189940B400B0E5F2 /* TSFCompetenceMapperSpec.m */ = {isa = PBXFileReference; fileEncoding = 4; lastKnownFileType = sourcecode.c.objc; name = TSFCompetenceMapperSpec.m; path = Models/Mappers/TSFCompetenceMapperSpec.m; sourceTree = "<group>"; };
/* End PBXFileReference section */

/* Begin PBXFrameworksBuildPhase section */
		E4800B1A1897FD9A00FCE147 /* Frameworks */ = {
			isa = PBXFrameworksBuildPhase;
			buildActionMask = 2147483647;
			files = (
				E4800B231897FD9A00FCE147 /* CoreGraphics.framework in Frameworks */,
				E4800B251897FD9A00FCE147 /* UIKit.framework in Frameworks */,
				E4800B211897FD9A00FCE147 /* Foundation.framework in Frameworks */,
				F0FBDD2E96ED4C558BDC16E7 /* libPods-Three Sixty Feedback.a in Frameworks */,
			);
			runOnlyForDeploymentPostprocessing = 0;
		};
		E4800B3E1897FD9A00FCE147 /* Frameworks */ = {
			isa = PBXFrameworksBuildPhase;
			buildActionMask = 2147483647;
			files = (
				E4800B431897FD9A00FCE147 /* XCTest.framework in Frameworks */,
				E4800B451897FD9A00FCE147 /* UIKit.framework in Frameworks */,
				E4800B441897FD9A00FCE147 /* Foundation.framework in Frameworks */,
				10E60C29E1EF4AFE963BD5CE /* libPods-Three Sixty FeedbackTests.a in Frameworks */,
			);
			runOnlyForDeploymentPostprocessing = 0;
		};
/* End PBXFrameworksBuildPhase section */

/* Begin PBXGroup section */
		E429DD48189806CD00BAFEC4 /* Views */ = {
			isa = PBXGroup;
			children = (
				E4800B321897FD9A00FCE147 /* Main_iPhone.storyboard */,
				E4800B351897FD9A00FCE147 /* Main_iPad.storyboard */,
			);
			name = Views;
			sourceTree = "<group>";
		};
		E429DD49189806D200BAFEC4 /* Controllers */ = {
			isa = PBXGroup;
			children = (
				E4800B381897FD9A00FCE147 /* TSFViewController.h */,
				E4800B391897FD9A00FCE147 /* TSFViewController.m */,
			);
			name = Controllers;
			sourceTree = "<group>";
		};
		E429DD4B1898075300BAFEC4 /* Networking */ = {
			isa = PBXGroup;
			children = (
				E429DD4C189807B300BAFEC4 /* TSFAPIClient.h */,
				E429DD4D189807B300BAFEC4 /* TSFAPIClient.m */,
			);
			name = Networking;
			sourceTree = "<group>";
		};
		E429DD4F1898093000BAFEC4 /* Networking */ = {
			isa = PBXGroup;
			children = (
				E429DD50189809A400BAFEC4 /* TSFAPIClientSpec.m */,
			);
			name = Networking;
			sourceTree = "<group>";
		};
		E455FF761899002200F8C04C /* Models */ = {
			isa = PBXGroup;
			children = (
				E4C7F9141899374100B0E5F2 /* Mappers */,
				E455FF7A1899018A00F8C04C /* TSFQuestionnaire.h */,
				E455FF7B1899018A00F8C04C /* TSFQuestionnaire.m */,
				E455FF80189905DB00F8C04C /* TSFCompetence.h */,
				E455FF81189905DB00F8C04C /* TSFCompetence.m */,
				E455FF8918990E8200F8C04C /* TSFKeyBehaviour.h */,
				E455FF8A18990E8200F8C04C /* TSFKeyBehaviour.m */,
				E455FF9318991D1A00F8C04C /* TSFQuestion.h */,
				E455FF9418991D1A00F8C04C /* TSFQuestion.m */,
			);
			name = Models;
			sourceTree = "<group>";
		};
		E455FF771899002A00F8C04C /* Models */ = {
			isa = PBXGroup;
			children = (
				E4C7F918189937A400B0E5F2 /* Mappers */,
				E455FF781899004F00F8C04C /* TSFQuestionnaireSpec.m */,
				E455FF7E189904A200F8C04C /* TSFCompetenceSpec.m */,
				E455FF8418990DB000F8C04C /* TSFKeyBehaviourSpec.m */,
				E455FF9118991CAA00F8C04C /* TSFQuestionSpec.m */,
			);
			name = Models;
			sourceTree = "<group>";
		};
		E4800B141897FD9A00FCE147 = {
			isa = PBXGroup;
			children = (
				E4800B261897FD9A00FCE147 /* Three Sixty Feedback */,
				E4800B481897FD9A00FCE147 /* Three Sixty FeedbackTests */,
				E4800B1F1897FD9A00FCE147 /* Frameworks */,
				E4800B1E1897FD9A00FCE147 /* Products */,
				62C58F47C5FD4310BB92989F /* Pods-Three Sixty Feedback.xcconfig */,
				C40122A55ED3419EAD72E502 /* Pods-Three Sixty FeedbackTests.xcconfig */,
			);
			sourceTree = "<group>";
		};
		E4800B1E1897FD9A00FCE147 /* Products */ = {
			isa = PBXGroup;
			children = (
				E4800B1D1897FD9A00FCE147 /* Three Sixty Feedback.app */,
				E4800B411897FD9A00FCE147 /* Three Sixty FeedbackTests.xctest */,
			);
			name = Products;
			sourceTree = "<group>";
		};
		E4800B1F1897FD9A00FCE147 /* Frameworks */ = {
			isa = PBXGroup;
			children = (
				E4800B201897FD9A00FCE147 /* Foundation.framework */,
				E4800B221897FD9A00FCE147 /* CoreGraphics.framework */,
				E4800B241897FD9A00FCE147 /* UIKit.framework */,
				E4800B421897FD9A00FCE147 /* XCTest.framework */,
				02440D1D9DA543F999900FB9 /* libPods-Three Sixty Feedback.a */,
				30296737650743E89942BB02 /* libPods-Three Sixty FeedbackTests.a */,
			);
			name = Frameworks;
			sourceTree = "<group>";
		};
		E4800B261897FD9A00FCE147 /* Three Sixty Feedback */ = {
			isa = PBXGroup;
			children = (
				E455FF761899002200F8C04C /* Models */,
				E429DD4B1898075300BAFEC4 /* Networking */,
				E4800B2F1897FD9A00FCE147 /* TSFAppDelegate.h */,
				E4800B301897FD9A00FCE147 /* TSFAppDelegate.m */,
				E429DD48189806CD00BAFEC4 /* Views */,
				E429DD49189806D200BAFEC4 /* Controllers */,
				E4800B3B1897FD9A00FCE147 /* Images.xcassets */,
				E4800B271897FD9A00FCE147 /* Supporting Files */,
			);
			path = "Three Sixty Feedback";
			sourceTree = "<group>";
		};
		E4800B271897FD9A00FCE147 /* Supporting Files */ = {
			isa = PBXGroup;
			children = (
				E4800B281897FD9A00FCE147 /* Three Sixty Feedback-Info.plist */,
				E4800B291897FD9A00FCE147 /* InfoPlist.strings */,
				E4800B2C1897FD9A00FCE147 /* main.m */,
				E4800B2E1897FD9A00FCE147 /* Three Sixty Feedback-Prefix.pch */,
			);
			name = "Supporting Files";
			sourceTree = "<group>";
		};
		E4800B481897FD9A00FCE147 /* Three Sixty FeedbackTests */ = {
			isa = PBXGroup;
			children = (
				E455FF771899002A00F8C04C /* Models */,
				E429DD4F1898093000BAFEC4 /* Networking */,
				E4800B491897FD9A00FCE147 /* Supporting Files */,
			);
			path = "Three Sixty FeedbackTests";
			sourceTree = "<group>";
		};
		E4800B491897FD9A00FCE147 /* Supporting Files */ = {
			isa = PBXGroup;
			children = (
				E4800B4A1897FD9A00FCE147 /* Three Sixty FeedbackTests-Info.plist */,
				E4800B4B1897FD9A00FCE147 /* InfoPlist.strings */,
			);
			name = "Supporting Files";
			sourceTree = "<group>";
		};
		E4C7F9141899374100B0E5F2 /* Mappers */ = {
			isa = PBXGroup;
			children = (
				E4C7F9151899376100B0E5F2 /* TSFKeyBehaviourMapper.h */,
				E4C7F9161899376100B0E5F2 /* TSFKeyBehaviourMapper.m */,
				E4C7F91D18993E5400B0E5F2 /* TSFQuestionMapper.h */,
				E4C7F91E18993E5400B0E5F2 /* TSFQuestionMapper.m */,
				E4C7F920189940A800B0E5F2 /* TSFCompetenceMapper.h */,
				E4C7F921189940A800B0E5F2 /* TSFCompetenceMapper.m */,
				E417281818994C8000DD77B5 /* TSFQuestionnaireMapper.h */,
				E417281918994C8000DD77B5 /* TSFQuestionnaireMapper.m */,
			);
			name = Mappers;
			sourceTree = "<group>";
		};
		E4C7F918189937A400B0E5F2 /* Mappers */ = {
			isa = PBXGroup;
			children = (
				E4C7F9191899380900B0E5F2 /* TSFKeyBehaviourMapperSpec.m */,
				E4C7F91B18993E1300B0E5F2 /* TSFQuestionMapperSpec.m */,
				E4C7F923189940B400B0E5F2 /* TSFCompetenceMapperSpec.m */,
				E417281618994A7A00DD77B5 /* TSFQuestionnaireMapperSpec.m */,
			);
			name = Mappers;
			sourceTree = "<group>";
		};
/* End PBXGroup section */

/* Begin PBXNativeTarget section */
		E4800B1C1897FD9A00FCE147 /* Three Sixty Feedback */ = {
			isa = PBXNativeTarget;
			buildConfigurationList = E4800B521897FD9A00FCE147 /* Build configuration list for PBXNativeTarget "Three Sixty Feedback" */;
			buildPhases = (
				9393B610F8224B18806E82E4 /* Check Pods Manifest.lock */,
				E4800B191897FD9A00FCE147 /* Sources */,
				E4800B1A1897FD9A00FCE147 /* Frameworks */,
				E4800B1B1897FD9A00FCE147 /* Resources */,
				56576D0BF44C4A489F6A5252 /* Copy Pods Resources */,
			);
			buildRules = (
			);
			dependencies = (
			);
			name = "Three Sixty Feedback";
			productName = "Three Sixty Feedback";
			productReference = E4800B1D1897FD9A00FCE147 /* Three Sixty Feedback.app */;
			productType = "com.apple.product-type.application";
		};
		E4800B401897FD9A00FCE147 /* Three Sixty FeedbackTests */ = {
			isa = PBXNativeTarget;
			buildConfigurationList = E4800B551897FD9A00FCE147 /* Build configuration list for PBXNativeTarget "Three Sixty FeedbackTests" */;
			buildPhases = (
				0E88067454464CCB8979B650 /* Check Pods Manifest.lock */,
				E4800B3D1897FD9A00FCE147 /* Sources */,
				E4800B3E1897FD9A00FCE147 /* Frameworks */,
				E4800B3F1897FD9A00FCE147 /* Resources */,
				F6230EF13B084862B2F9C6E7 /* Copy Pods Resources */,
			);
			buildRules = (
			);
			dependencies = (
				E4800B471897FD9A00FCE147 /* PBXTargetDependency */,
			);
			name = "Three Sixty FeedbackTests";
			productName = "Three Sixty FeedbackTests";
			productReference = E4800B411897FD9A00FCE147 /* Three Sixty FeedbackTests.xctest */;
			productType = "com.apple.product-type.bundle.unit-test";
		};
/* End PBXNativeTarget section */

/* Begin PBXProject section */
		E4800B151897FD9A00FCE147 /* Project object */ = {
			isa = PBXProject;
			attributes = {
				CLASSPREFIX = TSF;
				LastUpgradeCheck = 0500;
				ORGANIZATIONNAME = Defacto;
				TargetAttributes = {
					E4800B1C1897FD9A00FCE147 = {
						DevelopmentTeam = CF9WCHX389;
					};
					E4800B401897FD9A00FCE147 = {
						TestTargetID = E4800B1C1897FD9A00FCE147;
					};
				};
			};
			buildConfigurationList = E4800B181897FD9A00FCE147 /* Build configuration list for PBXProject "Three Sixty Feedback" */;
			compatibilityVersion = "Xcode 3.2";
			developmentRegion = English;
			hasScannedForEncodings = 0;
			knownRegions = (
				en,
				Base,
			);
			mainGroup = E4800B141897FD9A00FCE147;
			productRefGroup = E4800B1E1897FD9A00FCE147 /* Products */;
			projectDirPath = "";
			projectRoot = "";
			targets = (
				E4800B1C1897FD9A00FCE147 /* Three Sixty Feedback */,
				E4800B401897FD9A00FCE147 /* Three Sixty FeedbackTests */,
			);
		};
/* End PBXProject section */

/* Begin PBXResourcesBuildPhase section */
		E4800B1B1897FD9A00FCE147 /* Resources */ = {
			isa = PBXResourcesBuildPhase;
			buildActionMask = 2147483647;
			files = (
				E4800B371897FD9A00FCE147 /* Main_iPad.storyboard in Resources */,
				E4800B3C1897FD9A00FCE147 /* Images.xcassets in Resources */,
				E4800B341897FD9A00FCE147 /* Main_iPhone.storyboard in Resources */,
				E4800B2B1897FD9A00FCE147 /* InfoPlist.strings in Resources */,
			);
			runOnlyForDeploymentPostprocessing = 0;
		};
		E4800B3F1897FD9A00FCE147 /* Resources */ = {
			isa = PBXResourcesBuildPhase;
			buildActionMask = 2147483647;
			files = (
				E4800B4D1897FD9A00FCE147 /* InfoPlist.strings in Resources */,
			);
			runOnlyForDeploymentPostprocessing = 0;
		};
/* End PBXResourcesBuildPhase section */

/* Begin PBXShellScriptBuildPhase section */
		0E88067454464CCB8979B650 /* Check Pods Manifest.lock */ = {
			isa = PBXShellScriptBuildPhase;
			buildActionMask = 2147483647;
			files = (
			);
			inputPaths = (
			);
			name = "Check Pods Manifest.lock";
			outputPaths = (
			);
			runOnlyForDeploymentPostprocessing = 0;
			shellPath = /bin/sh;
			shellScript = "diff \"${PODS_ROOT}/../Podfile.lock\" \"${PODS_ROOT}/Manifest.lock\" > /dev/null\nif [[ $? != 0 ]] ; then\n    cat << EOM\nerror: The sandbox is not in sync with the Podfile.lock. Run 'pod install' or update your CocoaPods installation.\nEOM\n    exit 1\nfi\n";
			showEnvVarsInLog = 0;
		};
		56576D0BF44C4A489F6A5252 /* Copy Pods Resources */ = {
			isa = PBXShellScriptBuildPhase;
			buildActionMask = 2147483647;
			files = (
			);
			inputPaths = (
			);
			name = "Copy Pods Resources";
			outputPaths = (
			);
			runOnlyForDeploymentPostprocessing = 0;
			shellPath = /bin/sh;
			shellScript = "\"${SRCROOT}/Pods/Pods-Three Sixty Feedback-resources.sh\"\n";
			showEnvVarsInLog = 0;
		};
		9393B610F8224B18806E82E4 /* Check Pods Manifest.lock */ = {
			isa = PBXShellScriptBuildPhase;
			buildActionMask = 2147483647;
			files = (
			);
			inputPaths = (
			);
			name = "Check Pods Manifest.lock";
			outputPaths = (
			);
			runOnlyForDeploymentPostprocessing = 0;
			shellPath = /bin/sh;
			shellScript = "diff \"${PODS_ROOT}/../Podfile.lock\" \"${PODS_ROOT}/Manifest.lock\" > /dev/null\nif [[ $? != 0 ]] ; then\n    cat << EOM\nerror: The sandbox is not in sync with the Podfile.lock. Run 'pod install' or update your CocoaPods installation.\nEOM\n    exit 1\nfi\n";
			showEnvVarsInLog = 0;
		};
		F6230EF13B084862B2F9C6E7 /* Copy Pods Resources */ = {
			isa = PBXShellScriptBuildPhase;
			buildActionMask = 2147483647;
			files = (
			);
			inputPaths = (
			);
			name = "Copy Pods Resources";
			outputPaths = (
			);
			runOnlyForDeploymentPostprocessing = 0;
			shellPath = /bin/sh;
			shellScript = "\"${SRCROOT}/Pods/Pods-Three Sixty FeedbackTests-resources.sh\"\n";
			showEnvVarsInLog = 0;
		};
/* End PBXShellScriptBuildPhase section */

/* Begin PBXSourcesBuildPhase section */
		E4800B191897FD9A00FCE147 /* Sources */ = {
			isa = PBXSourcesBuildPhase;
			buildActionMask = 2147483647;
			files = (
				E455FF7C1899018A00F8C04C /* TSFQuestionnaire.m in Sources */,
				E4800B3A1897FD9A00FCE147 /* TSFViewController.m in Sources */,
				E4800B311897FD9A00FCE147 /* TSFAppDelegate.m in Sources */,
				E4800B2D1897FD9A00FCE147 /* main.m in Sources */,
				E4C7F922189940A800B0E5F2 /* TSFCompetenceMapper.m in Sources */,
				E455FF82189905DB00F8C04C /* TSFCompetence.m in Sources */,
				E455FF9518991D1A00F8C04C /* TSFQuestion.m in Sources */,
				E417281A18994C8000DD77B5 /* TSFQuestionnaireMapper.m in Sources */,
				E455FF8B18990E8200F8C04C /* TSFKeyBehaviour.m in Sources */,
				E4C7F9171899376100B0E5F2 /* TSFKeyBehaviourMapper.m in Sources */,
				E4C7F91F18993E5400B0E5F2 /* TSFQuestionMapper.m in Sources */,
				E429DD4E189807B300BAFEC4 /* TSFAPIClient.m in Sources */,
			);
			runOnlyForDeploymentPostprocessing = 0;
		};
		E4800B3D1897FD9A00FCE147 /* Sources */ = {
			isa = PBXSourcesBuildPhase;
			buildActionMask = 2147483647;
			files = (
				E455FF9218991CAA00F8C04C /* TSFQuestionSpec.m in Sources */,
				E4C7F91C18993E1300B0E5F2 /* TSFQuestionMapperSpec.m in Sources */,
				E417281718994A7A00DD77B5 /* TSFQuestionnaireMapperSpec.m in Sources */,
				E455FF7F189904A200F8C04C /* TSFCompetenceSpec.m in Sources */,
				E455FF791899004F00F8C04C /* TSFQuestionnaireSpec.m in Sources */,
				E4C7F924189940B400B0E5F2 /* TSFCompetenceMapperSpec.m in Sources */,
				E455FF8518990DB000F8C04C /* TSFKeyBehaviourSpec.m in Sources */,
				E429DD51189809A400BAFEC4 /* TSFAPIClientSpec.m in Sources */,
				E4C7F91A1899380900B0E5F2 /* TSFKeyBehaviourMapperSpec.m in Sources */,
			);
			runOnlyForDeploymentPostprocessing = 0;
		};
/* End PBXSourcesBuildPhase section */

/* Begin PBXTargetDependency section */
		E4800B471897FD9A00FCE147 /* PBXTargetDependency */ = {
			isa = PBXTargetDependency;
			target = E4800B1C1897FD9A00FCE147 /* Three Sixty Feedback */;
			targetProxy = E4800B461897FD9A00FCE147 /* PBXContainerItemProxy */;
		};
/* End PBXTargetDependency section */

/* Begin PBXVariantGroup section */
		E4800B291897FD9A00FCE147 /* InfoPlist.strings */ = {
			isa = PBXVariantGroup;
			children = (
				E4800B2A1897FD9A00FCE147 /* en */,
			);
			name = InfoPlist.strings;
			sourceTree = "<group>";
		};
		E4800B321897FD9A00FCE147 /* Main_iPhone.storyboard */ = {
			isa = PBXVariantGroup;
			children = (
				E4800B331897FD9A00FCE147 /* Base */,
			);
			name = Main_iPhone.storyboard;
			sourceTree = "<group>";
		};
		E4800B351897FD9A00FCE147 /* Main_iPad.storyboard */ = {
			isa = PBXVariantGroup;
			children = (
				E4800B361897FD9A00FCE147 /* Base */,
			);
			name = Main_iPad.storyboard;
			sourceTree = "<group>";
		};
		E4800B4B1897FD9A00FCE147 /* InfoPlist.strings */ = {
			isa = PBXVariantGroup;
			children = (
				E4800B4C1897FD9A00FCE147 /* en */,
			);
			name = InfoPlist.strings;
			sourceTree = "<group>";
		};
/* End PBXVariantGroup section */

/* Begin XCBuildConfiguration section */
		E4800B501897FD9A00FCE147 /* Debug */ = {
			isa = XCBuildConfiguration;
			buildSettings = {
				ALWAYS_SEARCH_USER_PATHS = NO;
				ARCHS = "$(ARCHS_STANDARD_INCLUDING_64_BIT)";
				CLANG_CXX_LANGUAGE_STANDARD = "gnu++0x";
				CLANG_CXX_LIBRARY = "libc++";
				CLANG_ENABLE_MODULES = YES;
				CLANG_ENABLE_OBJC_ARC = YES;
				CLANG_WARN_BOOL_CONVERSION = YES;
				CLANG_WARN_CONSTANT_CONVERSION = YES;
				CLANG_WARN_DIRECT_OBJC_ISA_USAGE = YES_ERROR;
				CLANG_WARN_EMPTY_BODY = YES;
				CLANG_WARN_ENUM_CONVERSION = YES;
				CLANG_WARN_INT_CONVERSION = YES;
				CLANG_WARN_OBJC_ROOT_CLASS = YES_ERROR;
				CLANG_WARN__DUPLICATE_METHOD_MATCH = YES;
				"CODE_SIGN_IDENTITY[sdk=iphoneos*]" = "iPhone Developer";
				COPY_PHASE_STRIP = NO;
				GCC_C_LANGUAGE_STANDARD = gnu99;
				GCC_DYNAMIC_NO_PIC = NO;
				GCC_OPTIMIZATION_LEVEL = 0;
				GCC_PREPROCESSOR_DEFINITIONS = (
					"DEBUG=1",
					"$(inherited)",
				);
				GCC_SYMBOLS_PRIVATE_EXTERN = NO;
				GCC_WARN_64_TO_32_BIT_CONVERSION = YES;
				GCC_WARN_ABOUT_RETURN_TYPE = YES_ERROR;
				GCC_WARN_UNDECLARED_SELECTOR = YES;
				GCC_WARN_UNINITIALIZED_AUTOS = YES;
				GCC_WARN_UNUSED_FUNCTION = YES;
				GCC_WARN_UNUSED_VARIABLE = YES;
				IPHONEOS_DEPLOYMENT_TARGET = 7.0;
				ONLY_ACTIVE_ARCH = YES;
				SDKROOT = iphoneos;
				TARGETED_DEVICE_FAMILY = "1,2";
			};
			name = Debug;
		};
		E4800B511897FD9A00FCE147 /* Release */ = {
			isa = XCBuildConfiguration;
			buildSettings = {
				ALWAYS_SEARCH_USER_PATHS = NO;
				ARCHS = "$(ARCHS_STANDARD_INCLUDING_64_BIT)";
				CLANG_CXX_LANGUAGE_STANDARD = "gnu++0x";
				CLANG_CXX_LIBRARY = "libc++";
				CLANG_ENABLE_MODULES = YES;
				CLANG_ENABLE_OBJC_ARC = YES;
				CLANG_WARN_BOOL_CONVERSION = YES;
				CLANG_WARN_CONSTANT_CONVERSION = YES;
				CLANG_WARN_DIRECT_OBJC_ISA_USAGE = YES_ERROR;
				CLANG_WARN_EMPTY_BODY = YES;
				CLANG_WARN_ENUM_CONVERSION = YES;
				CLANG_WARN_INT_CONVERSION = YES;
				CLANG_WARN_OBJC_ROOT_CLASS = YES_ERROR;
				CLANG_WARN__DUPLICATE_METHOD_MATCH = YES;
				"CODE_SIGN_IDENTITY[sdk=iphoneos*]" = "iPhone Developer";
				COPY_PHASE_STRIP = YES;
				ENABLE_NS_ASSERTIONS = NO;
				GCC_C_LANGUAGE_STANDARD = gnu99;
				GCC_WARN_64_TO_32_BIT_CONVERSION = YES;
				GCC_WARN_ABOUT_RETURN_TYPE = YES_ERROR;
				GCC_WARN_UNDECLARED_SELECTOR = YES;
				GCC_WARN_UNINITIALIZED_AUTOS = YES;
				GCC_WARN_UNUSED_FUNCTION = YES;
				GCC_WARN_UNUSED_VARIABLE = YES;
				IPHONEOS_DEPLOYMENT_TARGET = 7.0;
				SDKROOT = iphoneos;
				TARGETED_DEVICE_FAMILY = "1,2";
				VALIDATE_PRODUCT = YES;
			};
			name = Release;
		};
		E4800B531897FD9A00FCE147 /* Debug */ = {
			isa = XCBuildConfiguration;
			baseConfigurationReference = 62C58F47C5FD4310BB92989F /* Pods-Three Sixty Feedback.xcconfig */;
			buildSettings = {
				ASSETCATALOG_COMPILER_APPICON_NAME = AppIcon;
				ASSETCATALOG_COMPILER_LAUNCHIMAGE_NAME = LaunchImage;
				CODE_SIGN_IDENTITY = "iPhone Developer";
				"CODE_SIGN_IDENTITY[sdk=iphoneos*]" = "iPhone Developer";
				GCC_PRECOMPILE_PREFIX_HEADER = YES;
				GCC_PREFIX_HEADER = "Three Sixty Feedback/Three Sixty Feedback-Prefix.pch";
				INFOPLIST_FILE = "Three Sixty Feedback/Three Sixty Feedback-Info.plist";
				PRODUCT_NAME = "$(TARGET_NAME)";
				PROVISIONING_PROFILE = "";
				WRAPPER_EXTENSION = app;
			};
			name = Debug;
		};
		E4800B541897FD9A00FCE147 /* Release */ = {
			isa = XCBuildConfiguration;
			baseConfigurationReference = 62C58F47C5FD4310BB92989F /* Pods-Three Sixty Feedback.xcconfig */;
			buildSettings = {
				ASSETCATALOG_COMPILER_APPICON_NAME = AppIcon;
				ASSETCATALOG_COMPILER_LAUNCHIMAGE_NAME = LaunchImage;
				CODE_SIGN_IDENTITY = "iPhone Developer";
				"CODE_SIGN_IDENTITY[sdk=iphoneos*]" = "iPhone Developer";
				GCC_PRECOMPILE_PREFIX_HEADER = YES;
				GCC_PREFIX_HEADER = "Three Sixty Feedback/Three Sixty Feedback-Prefix.pch";
				INFOPLIST_FILE = "Three Sixty Feedback/Three Sixty Feedback-Info.plist";
				PRODUCT_NAME = "$(TARGET_NAME)";
				PROVISIONING_PROFILE = "";
				WRAPPER_EXTENSION = app;
			};
			name = Release;
		};
		E4800B561897FD9A00FCE147 /* Debug */ = {
			isa = XCBuildConfiguration;
			baseConfigurationReference = C40122A55ED3419EAD72E502 /* Pods-Three Sixty FeedbackTests.xcconfig */;
			buildSettings = {
				ARCHS = "$(ARCHS_STANDARD_INCLUDING_64_BIT)";
				BUNDLE_LOADER = "$(BUILT_PRODUCTS_DIR)/Three Sixty Feedback.app/Three Sixty Feedback";
				FRAMEWORK_SEARCH_PATHS = (
					"$(SDKROOT)/Developer/Library/Frameworks",
					"$(inherited)",
					"$(DEVELOPER_FRAMEWORKS_DIR)",
				);
				GCC_PRECOMPILE_PREFIX_HEADER = YES;
				GCC_PREFIX_HEADER = "Three Sixty Feedback/Three Sixty Feedback-Prefix.pch";
				GCC_PREPROCESSOR_DEFINITIONS = (
					"DEBUG=1",
					"$(inherited)",
				);
				INFOPLIST_FILE = "Three Sixty FeedbackTests/Three Sixty FeedbackTests-Info.plist";
				PRODUCT_NAME = "$(TARGET_NAME)";
				TEST_HOST = "$(BUNDLE_LOADER)";
				WRAPPER_EXTENSION = xctest;
			};
			name = Debug;
		};
		E4800B571897FD9A00FCE147 /* Release */ = {
			isa = XCBuildConfiguration;
			baseConfigurationReference = C40122A55ED3419EAD72E502 /* Pods-Three Sixty FeedbackTests.xcconfig */;
			buildSettings = {
				ARCHS = "$(ARCHS_STANDARD_INCLUDING_64_BIT)";
				BUNDLE_LOADER = "$(BUILT_PRODUCTS_DIR)/Three Sixty Feedback.app/Three Sixty Feedback";
				FRAMEWORK_SEARCH_PATHS = (
					"$(SDKROOT)/Developer/Library/Frameworks",
					"$(inherited)",
					"$(DEVELOPER_FRAMEWORKS_DIR)",
				);
				GCC_PRECOMPILE_PREFIX_HEADER = YES;
				GCC_PREFIX_HEADER = "Three Sixty Feedback/Three Sixty Feedback-Prefix.pch";
				INFOPLIST_FILE = "Three Sixty FeedbackTests/Three Sixty FeedbackTests-Info.plist";
				PRODUCT_NAME = "$(TARGET_NAME)";
				TEST_HOST = "$(BUNDLE_LOADER)";
				WRAPPER_EXTENSION = xctest;
			};
			name = Release;
		};
/* End XCBuildConfiguration section */

/* Begin XCConfigurationList section */
		E4800B181897FD9A00FCE147 /* Build configuration list for PBXProject "Three Sixty Feedback" */ = {
			isa = XCConfigurationList;
			buildConfigurations = (
				E4800B501897FD9A00FCE147 /* Debug */,
				E4800B511897FD9A00FCE147 /* Release */,
			);
			defaultConfigurationIsVisible = 0;
			defaultConfigurationName = Release;
		};
		E4800B521897FD9A00FCE147 /* Build configuration list for PBXNativeTarget "Three Sixty Feedback" */ = {
			isa = XCConfigurationList;
			buildConfigurations = (
				E4800B531897FD9A00FCE147 /* Debug */,
				E4800B541897FD9A00FCE147 /* Release */,
			);
			defaultConfigurationIsVisible = 0;
			defaultConfigurationName = Release;
		};
		E4800B551897FD9A00FCE147 /* Build configuration list for PBXNativeTarget "Three Sixty FeedbackTests" */ = {
			isa = XCConfigurationList;
			buildConfigurations = (
				E4800B561897FD9A00FCE147 /* Debug */,
				E4800B571897FD9A00FCE147 /* Release */,
			);
			defaultConfigurationIsVisible = 0;
			defaultConfigurationName = Release;
		};
/* End XCConfigurationList section */
	};
	rootObject = E4800B151897FD9A00FCE147 /* Project object */;
}
